// !$*UTF8*$!
{
	archiveVersion = 1;
	classes = {
	};
	objectVersion = 52;
	objects = {

/* Begin PBXBuildFile section */
		513F34BE24633A7900FCE030 /* EditCredential.storyboard in Resources */ = {isa = PBXBuildFile; fileRef = 513F34BD24633A7900FCE030 /* EditCredential.storyboard */; };
		513F34C02463F0C900FCE030 /* EditFieldController.swift in Sources */ = {isa = PBXBuildFile; fileRef = 513F34BF2463F0C900FCE030 /* EditFieldController.swift */; };
		513F34C22463F44300FCE030 /* EditCredentialController.swift in Sources */ = {isa = PBXBuildFile; fileRef = 513F34C12463F44300FCE030 /* EditCredentialController.swift */; };
		513F34C82464658F00FCE030 /* SettingsRowView.swift in Sources */ = {isa = PBXBuildFile; fileRef = 513F34C72464658F00FCE030 /* SettingsRowView.swift */; };
		513F34DC246B144300FCE030 /* UIViewAdditions.swift in Sources */ = {isa = PBXBuildFile; fileRef = 513F34DB246B144300FCE030 /* UIViewAdditions.swift */; };
		51BFF0642625847B00ECFA6A /* YubiKit in Frameworks */ = {isa = PBXBuildFile; productRef = 51BFF0632625847B00ECFA6A /* YubiKit */; };
		51D1E84C264134F300BDA3FF /* UIAlertController+Extensions.swift in Sources */ = {isa = PBXBuildFile; fileRef = 51D1E84B264134F300BDA3FF /* UIAlertController+Extensions.swift */; };
		51D1E84E26427F7600BDA3FF /* PasswordCache.swift in Sources */ = {isa = PBXBuildFile; fileRef = 51D1E84D26427F7600BDA3FF /* PasswordCache.swift */; };
		51EEC532246D34ED00061A8F /* YKFKeyVersion+Extensions.swift in Sources */ = {isa = PBXBuildFile; fileRef = 51EEC531246D34ED00061A8F /* YKFKeyVersion+Extensions.swift */; };
		51EEC536246D38B700061A8F /* YKFKeyVersionExtensionsTests.swift in Sources */ = {isa = PBXBuildFile; fileRef = 51EEC535246D38B700061A8F /* YKFKeyVersionExtensionsTests.swift */; };
		51F8E3BD263847BD0010686B /* ManagementViewModel.swift in Sources */ = {isa = PBXBuildFile; fileRef = 51F8E3BC263847BD0010686B /* ManagementViewModel.swift */; };
		51F8E3BF263848E30010686B /* Connection.swift in Sources */ = {isa = PBXBuildFile; fileRef = 51F8E3BE263848E30010686B /* Connection.swift */; };
		811CD95722FB276A00E2BCBB /* SettingsViewController.swift in Sources */ = {isa = PBXBuildFile; fileRef = 811CD95622FB276A00E2BCBB /* SettingsViewController.swift */; };
		816C684623430E0700209342 /* SecureStore.swift in Sources */ = {isa = PBXBuildFile; fileRef = 816C684523430E0700209342 /* SecureStore.swift */; };
		816C684823430F8E00209342 /* SecureStoreQueryable.swift in Sources */ = {isa = PBXBuildFile; fileRef = 816C684723430F8E00209342 /* SecureStoreQueryable.swift */; };
		816C685023440D2200209342 /* SecureStoreError.swift in Sources */ = {isa = PBXBuildFile; fileRef = 816C684F23440D2200209342 /* SecureStoreError.swift */; };
		816C685223440EF900209342 /* SecureStoreTests.swift in Sources */ = {isa = PBXBuildFile; fileRef = 816C685123440EF900209342 /* SecureStoreTests.swift */; };
		816C685E234697BF00209342 /* PasswordPreferences.swift in Sources */ = {isa = PBXBuildFile; fileRef = 816C685D234697BE00209342 /* PasswordPreferences.swift */; };
		817DBA0D2368B7B7001FC18D /* UIColorAdditions.swift in Sources */ = {isa = PBXBuildFile; fileRef = 817DBA0C2368B7B7001FC18D /* UIColorAdditions.swift */; };
		818866B722DFD729006BC0A8 /* AppDelegate.swift in Sources */ = {isa = PBXBuildFile; fileRef = 818866B622DFD729006BC0A8 /* AppDelegate.swift */; };
		818866BE22DFD729006BC0A8 /* Main.storyboard in Resources */ = {isa = PBXBuildFile; fileRef = 818866BC22DFD729006BC0A8 /* Main.storyboard */; };
		818866C022DFD72C006BC0A8 /* Assets.xcassets in Resources */ = {isa = PBXBuildFile; fileRef = 818866BF22DFD72C006BC0A8 /* Assets.xcassets */; };
		818866C322DFD72C006BC0A8 /* LaunchScreen.storyboard in Resources */ = {isa = PBXBuildFile; fileRef = 818866C122DFD72C006BC0A8 /* LaunchScreen.storyboard */; };
		818866CE22DFD72C006BC0A8 /* AuthenticatorTests.swift in Sources */ = {isa = PBXBuildFile; fileRef = 818866CD22DFD72C006BC0A8 /* AuthenticatorTests.swift */; };
		818866D922DFD72C006BC0A8 /* AuthenticatorUITests.swift in Sources */ = {isa = PBXBuildFile; fileRef = 818866D822DFD72C006BC0A8 /* AuthenticatorUITests.swift */; };
		818866E922E18134006BC0A8 /* MainViewController.swift in Sources */ = {isa = PBXBuildFile; fileRef = 818866E822E18134006BC0A8 /* MainViewController.swift */; };
		818866F522E23DA0006BC0A8 /* AddCredentialController.swift in Sources */ = {isa = PBXBuildFile; fileRef = 818866F422E23D9F006BC0A8 /* AddCredentialController.swift */; };
		818866F822E8E19D006BC0A8 /* CredentialTableViewCell.swift in Sources */ = {isa = PBXBuildFile; fileRef = 818866F722E8E19D006BC0A8 /* CredentialTableViewCell.swift */; };
		818866FA22E96B47006BC0A8 /* PieProgressBar.swift in Sources */ = {isa = PBXBuildFile; fileRef = 818866F922E96B47006BC0A8 /* PieProgressBar.swift */; };
		818BE8DF22F39A9000061026 /* GlobalTimer.swift in Sources */ = {isa = PBXBuildFile; fileRef = 818BE8DE22F39A9000061026 /* GlobalTimer.swift */; };
		81BE0C2B232991AD00C60E1D /* BaseOATHVIewController.swift in Sources */ = {isa = PBXBuildFile; fileRef = 81BE0C2A232991AD00C60E1D /* BaseOATHVIewController.swift */; };
		81C00FDB22EB70A500C54903 /* OATHViewModel.swift in Sources */ = {isa = PBXBuildFile; fileRef = 81C00FDA22EB70A500C54903 /* OATHViewModel.swift */; };
		81C00FDD22EBEF0D00C54903 /* Credential.swift in Sources */ = {isa = PBXBuildFile; fileRef = 81C00FDC22EBEF0D00C54903 /* Credential.swift */; };
		81C4E43D22F94B7B003AFBB8 /* KeySessionError.swift in Sources */ = {isa = PBXBuildFile; fileRef = 81C4E43C22F94B7B003AFBB8 /* KeySessionError.swift */; };
		81DF8FD3237A090A00737268 /* ApplicationSessionObserver.swift in Sources */ = {isa = PBXBuildFile; fileRef = 81DF8FD2237A090A00737268 /* ApplicationSessionObserver.swift */; };
		81FA3C32231AF289009C22AB /* SetPasswordViewController.swift in Sources */ = {isa = PBXBuildFile; fileRef = 81FA3C31231AF289009C22AB /* SetPasswordViewController.swift */; };
		81FA3C34231AF2D8009C22AB /* AdvancedSettingsViewController.swift in Sources */ = {isa = PBXBuildFile; fileRef = 81FA3C33231AF2D8009C22AB /* AdvancedSettingsViewController.swift */; };
		81FA3C39231AF4F0009C22AB /* UIViewControllerAdditions.swift in Sources */ = {isa = PBXBuildFile; fileRef = 81FA3C38231AF4F0009C22AB /* UIViewControllerAdditions.swift */; };
		A525965B23A45501006AA3C0 /* UIImageAdditions.swift in Sources */ = {isa = PBXBuildFile; fileRef = A525965A23A45501006AA3C0 /* UIImageAdditions.swift */; };
		A544948E23CE546B003E1E07 /* FrePageViewController.swift in Sources */ = {isa = PBXBuildFile; fileRef = A544948B23CE546B003E1E07 /* FrePageViewController.swift */; };
		A544948F23CE546B003E1E07 /* FrePagesViewControllers.swift in Sources */ = {isa = PBXBuildFile; fileRef = A544948C23CE546B003E1E07 /* FrePagesViewControllers.swift */; };
		A544949023CE546B003E1E07 /* Fre.storyboard in Resources */ = {isa = PBXBuildFile; fileRef = A544948D23CE546B003E1E07 /* Fre.storyboard */; };
		A557BEE023AD97100097545D /* AddCredential.storyboard in Resources */ = {isa = PBXBuildFile; fileRef = A557BEDF23AD97100097545D /* AddCredential.storyboard */; };
		A5588BF9239B0A7F003E4CA5 /* FavoritesStorage.swift in Sources */ = {isa = PBXBuildFile; fileRef = A5588BF8239B0A7F003E4CA5 /* FavoritesStorage.swift */; };
		A591411D23830EB800CCCF67 /* UIApplicationExtension.swift in Sources */ = {isa = PBXBuildFile; fileRef = A591411C23830EB800CCCF67 /* UIApplicationExtension.swift */; };
		A591412123835F4600CCCF67 /* Constants.swift in Sources */ = {isa = PBXBuildFile; fileRef = A591412023835F4600CCCF67 /* Constants.swift */; };
		A5B531F22437CD16008C501C /* AppVersionInfoViewController.swift in Sources */ = {isa = PBXBuildFile; fileRef = A5B531F12437CD16008C501C /* AppVersionInfoViewController.swift */; };
		A5C708D82400A2BE0005704E /* DeviceInfoViewController.swift in Sources */ = {isa = PBXBuildFile; fileRef = A5C708D72400A2BE0005704E /* DeviceInfoViewController.swift */; };
		A5D4E86D24083CF300FD63A0 /* YubiKeyConfigurationConroller.swift in Sources */ = {isa = PBXBuildFile; fileRef = A5D4E86C24083CF300FD63A0 /* YubiKeyConfigurationConroller.swift */; };
		A5E9DEA02379F3CD0011FBF4 /* WebViewController.swift in Sources */ = {isa = PBXBuildFile; fileRef = A5E9DE9F2379F3CD0011FBF4 /* WebViewController.swift */; };
		A5E9DEB0237DE1660011FBF4 /* SettingsConfig.swift in Sources */ = {isa = PBXBuildFile; fileRef = A5E9DEAF237DE1660011FBF4 /* SettingsConfig.swift */; };
		B9F0FF11F842A39183974083 /* (null) in Frameworks */ = {isa = PBXBuildFile; };
/* End PBXBuildFile section */

/* Begin PBXContainerItemProxy section */
		818866CA22DFD72C006BC0A8 /* PBXContainerItemProxy */ = {
			isa = PBXContainerItemProxy;
			containerPortal = 818866AB22DFD729006BC0A8 /* Project object */;
			proxyType = 1;
			remoteGlobalIDString = 818866B222DFD729006BC0A8;
			remoteInfo = Authenticator;
		};
		818866D522DFD72C006BC0A8 /* PBXContainerItemProxy */ = {
			isa = PBXContainerItemProxy;
			containerPortal = 818866AB22DFD729006BC0A8 /* Project object */;
			proxyType = 1;
			remoteGlobalIDString = 818866B222DFD729006BC0A8;
			remoteInfo = Authenticator;
		};
/* End PBXContainerItemProxy section */

/* Begin PBXFileReference section */
		513F34BD24633A7900FCE030 /* EditCredential.storyboard */ = {isa = PBXFileReference; lastKnownFileType = file.storyboard; path = EditCredential.storyboard; sourceTree = "<group>"; };
		513F34BF2463F0C900FCE030 /* EditFieldController.swift */ = {isa = PBXFileReference; lastKnownFileType = sourcecode.swift; path = EditFieldController.swift; sourceTree = "<group>"; };
		513F34C12463F44300FCE030 /* EditCredentialController.swift */ = {isa = PBXFileReference; lastKnownFileType = sourcecode.swift; path = EditCredentialController.swift; sourceTree = "<group>"; };
		513F34C72464658F00FCE030 /* SettingsRowView.swift */ = {isa = PBXFileReference; lastKnownFileType = sourcecode.swift; path = SettingsRowView.swift; sourceTree = "<group>"; };
		513F34DB246B144300FCE030 /* UIViewAdditions.swift */ = {isa = PBXFileReference; lastKnownFileType = sourcecode.swift; path = UIViewAdditions.swift; sourceTree = "<group>"; };
		51D1E84B264134F300BDA3FF /* UIAlertController+Extensions.swift */ = {isa = PBXFileReference; lastKnownFileType = sourcecode.swift; path = "UIAlertController+Extensions.swift"; sourceTree = "<group>"; };
		51D1E84D26427F7600BDA3FF /* PasswordCache.swift */ = {isa = PBXFileReference; lastKnownFileType = sourcecode.swift; path = PasswordCache.swift; sourceTree = "<group>"; };
		51EEC531246D34ED00061A8F /* YKFKeyVersion+Extensions.swift */ = {isa = PBXFileReference; lastKnownFileType = sourcecode.swift; path = "YKFKeyVersion+Extensions.swift"; sourceTree = "<group>"; };
		51EEC535246D38B700061A8F /* YKFKeyVersionExtensionsTests.swift */ = {isa = PBXFileReference; lastKnownFileType = sourcecode.swift; path = YKFKeyVersionExtensionsTests.swift; sourceTree = "<group>"; };
		51F8E3BC263847BD0010686B /* ManagementViewModel.swift */ = {isa = PBXFileReference; lastKnownFileType = sourcecode.swift; path = ManagementViewModel.swift; sourceTree = "<group>"; };
		51F8E3BE263848E30010686B /* Connection.swift */ = {isa = PBXFileReference; lastKnownFileType = sourcecode.swift; path = Connection.swift; sourceTree = "<group>"; };
		811CD95622FB276A00E2BCBB /* SettingsViewController.swift */ = {isa = PBXFileReference; lastKnownFileType = sourcecode.swift; path = SettingsViewController.swift; sourceTree = "<group>"; };
		816C684523430E0700209342 /* SecureStore.swift */ = {isa = PBXFileReference; lastKnownFileType = sourcecode.swift; path = SecureStore.swift; sourceTree = "<group>"; };
		816C684723430F8E00209342 /* SecureStoreQueryable.swift */ = {isa = PBXFileReference; lastKnownFileType = sourcecode.swift; path = SecureStoreQueryable.swift; sourceTree = "<group>"; };
		816C684F23440D2200209342 /* SecureStoreError.swift */ = {isa = PBXFileReference; lastKnownFileType = sourcecode.swift; path = SecureStoreError.swift; sourceTree = "<group>"; };
		816C685123440EF900209342 /* SecureStoreTests.swift */ = {isa = PBXFileReference; lastKnownFileType = sourcecode.swift; path = SecureStoreTests.swift; sourceTree = "<group>"; };
		816C685D234697BE00209342 /* PasswordPreferences.swift */ = {isa = PBXFileReference; lastKnownFileType = sourcecode.swift; path = PasswordPreferences.swift; sourceTree = "<group>"; };
		817DBA0C2368B7B7001FC18D /* UIColorAdditions.swift */ = {isa = PBXFileReference; lastKnownFileType = sourcecode.swift; path = UIColorAdditions.swift; sourceTree = "<group>"; };
		818866B322DFD729006BC0A8 /* Authenticator.app */ = {isa = PBXFileReference; explicitFileType = wrapper.application; includeInIndex = 0; path = Authenticator.app; sourceTree = BUILT_PRODUCTS_DIR; };
		818866B622DFD729006BC0A8 /* AppDelegate.swift */ = {isa = PBXFileReference; lastKnownFileType = sourcecode.swift; path = AppDelegate.swift; sourceTree = "<group>"; };
		818866BD22DFD729006BC0A8 /* Base */ = {isa = PBXFileReference; lastKnownFileType = file.storyboard; name = Base; path = Base.lproj/Main.storyboard; sourceTree = "<group>"; };
		818866BF22DFD72C006BC0A8 /* Assets.xcassets */ = {isa = PBXFileReference; lastKnownFileType = folder.assetcatalog; path = Assets.xcassets; sourceTree = "<group>"; };
		818866C222DFD72C006BC0A8 /* Base */ = {isa = PBXFileReference; lastKnownFileType = file.storyboard; name = Base; path = Base.lproj/LaunchScreen.storyboard; sourceTree = "<group>"; };
		818866C422DFD72C006BC0A8 /* Info.plist */ = {isa = PBXFileReference; lastKnownFileType = text.plist.xml; path = Info.plist; sourceTree = "<group>"; };
		818866C922DFD72C006BC0A8 /* AuthenticatorTests.xctest */ = {isa = PBXFileReference; explicitFileType = wrapper.cfbundle; includeInIndex = 0; path = AuthenticatorTests.xctest; sourceTree = BUILT_PRODUCTS_DIR; };
		818866CD22DFD72C006BC0A8 /* AuthenticatorTests.swift */ = {isa = PBXFileReference; lastKnownFileType = sourcecode.swift; path = AuthenticatorTests.swift; sourceTree = "<group>"; };
		818866CF22DFD72C006BC0A8 /* Info.plist */ = {isa = PBXFileReference; lastKnownFileType = text.plist.xml; path = Info.plist; sourceTree = "<group>"; };
		818866D422DFD72C006BC0A8 /* AuthenticatorUITests.xctest */ = {isa = PBXFileReference; explicitFileType = wrapper.cfbundle; includeInIndex = 0; path = AuthenticatorUITests.xctest; sourceTree = BUILT_PRODUCTS_DIR; };
		818866D822DFD72C006BC0A8 /* AuthenticatorUITests.swift */ = {isa = PBXFileReference; lastKnownFileType = sourcecode.swift; path = AuthenticatorUITests.swift; sourceTree = "<group>"; };
		818866DA22DFD72C006BC0A8 /* Info.plist */ = {isa = PBXFileReference; lastKnownFileType = text.plist.xml; path = Info.plist; sourceTree = "<group>"; };
		818866E822E18134006BC0A8 /* MainViewController.swift */ = {isa = PBXFileReference; lastKnownFileType = sourcecode.swift; name = MainViewController.swift; path = Authenticator/UI/Main/MainViewController.swift; sourceTree = SOURCE_ROOT; };
		818866F122E18804006BC0A8 /* Authenticator-Bridging-Header.h */ = {isa = PBXFileReference; lastKnownFileType = sourcecode.c.h; path = "Authenticator-Bridging-Header.h"; sourceTree = "<group>"; };
		818866F422E23D9F006BC0A8 /* AddCredentialController.swift */ = {isa = PBXFileReference; fileEncoding = 4; lastKnownFileType = sourcecode.swift; name = AddCredentialController.swift; path = Authenticator/UI/AddCredential/AddCredentialController.swift; sourceTree = SOURCE_ROOT; };
		818866F622E7A877006BC0A8 /* Authenticator.entitlements */ = {isa = PBXFileReference; lastKnownFileType = text.plist.entitlements; path = Authenticator.entitlements; sourceTree = "<group>"; };
		818866F722E8E19D006BC0A8 /* CredentialTableViewCell.swift */ = {isa = PBXFileReference; lastKnownFileType = sourcecode.swift; name = CredentialTableViewCell.swift; path = Authenticator/UI/Main/CredentialTableViewCell.swift; sourceTree = SOURCE_ROOT; };
		818866F922E96B47006BC0A8 /* PieProgressBar.swift */ = {isa = PBXFileReference; lastKnownFileType = sourcecode.swift; name = PieProgressBar.swift; path = Authenticator/UI/Main/PieProgressBar.swift; sourceTree = SOURCE_ROOT; };
		818BE8DE22F39A9000061026 /* GlobalTimer.swift */ = {isa = PBXFileReference; fileEncoding = 4; lastKnownFileType = sourcecode.swift; path = GlobalTimer.swift; sourceTree = "<group>"; };
		81BE0C2A232991AD00C60E1D /* BaseOATHVIewController.swift */ = {isa = PBXFileReference; fileEncoding = 4; lastKnownFileType = sourcecode.swift; path = BaseOATHVIewController.swift; sourceTree = "<group>"; };
		81C00FDA22EB70A500C54903 /* OATHViewModel.swift */ = {isa = PBXFileReference; lastKnownFileType = sourcecode.swift; path = OATHViewModel.swift; sourceTree = "<group>"; };
		81C00FDC22EBEF0D00C54903 /* Credential.swift */ = {isa = PBXFileReference; lastKnownFileType = sourcecode.swift; path = Credential.swift; sourceTree = "<group>"; };
		81C4E43C22F94B7B003AFBB8 /* KeySessionError.swift */ = {isa = PBXFileReference; lastKnownFileType = sourcecode.swift; path = KeySessionError.swift; sourceTree = "<group>"; };
		81DF8FD2237A090A00737268 /* ApplicationSessionObserver.swift */ = {isa = PBXFileReference; lastKnownFileType = sourcecode.swift; path = ApplicationSessionObserver.swift; sourceTree = "<group>"; };
		81FA3C31231AF289009C22AB /* SetPasswordViewController.swift */ = {isa = PBXFileReference; lastKnownFileType = sourcecode.swift; path = SetPasswordViewController.swift; sourceTree = "<group>"; };
		81FA3C33231AF2D8009C22AB /* AdvancedSettingsViewController.swift */ = {isa = PBXFileReference; fileEncoding = 4; lastKnownFileType = sourcecode.swift; path = AdvancedSettingsViewController.swift; sourceTree = "<group>"; };
		81FA3C38231AF4F0009C22AB /* UIViewControllerAdditions.swift */ = {isa = PBXFileReference; lastKnownFileType = sourcecode.swift; path = UIViewControllerAdditions.swift; sourceTree = "<group>"; };
		A525965A23A45501006AA3C0 /* UIImageAdditions.swift */ = {isa = PBXFileReference; lastKnownFileType = sourcecode.swift; path = UIImageAdditions.swift; sourceTree = "<group>"; };
		A544948B23CE546B003E1E07 /* FrePageViewController.swift */ = {isa = PBXFileReference; fileEncoding = 4; lastKnownFileType = sourcecode.swift; path = FrePageViewController.swift; sourceTree = "<group>"; };
		A544948C23CE546B003E1E07 /* FrePagesViewControllers.swift */ = {isa = PBXFileReference; fileEncoding = 4; lastKnownFileType = sourcecode.swift; path = FrePagesViewControllers.swift; sourceTree = "<group>"; };
		A544948D23CE546B003E1E07 /* Fre.storyboard */ = {isa = PBXFileReference; fileEncoding = 4; lastKnownFileType = file.storyboard; path = Fre.storyboard; sourceTree = "<group>"; };
		A557BEDF23AD97100097545D /* AddCredential.storyboard */ = {isa = PBXFileReference; lastKnownFileType = file.storyboard; path = AddCredential.storyboard; sourceTree = "<group>"; };
		A5588BF8239B0A7F003E4CA5 /* FavoritesStorage.swift */ = {isa = PBXFileReference; lastKnownFileType = sourcecode.swift; path = FavoritesStorage.swift; sourceTree = "<group>"; };
		A591411C23830EB800CCCF67 /* UIApplicationExtension.swift */ = {isa = PBXFileReference; lastKnownFileType = sourcecode.swift; path = UIApplicationExtension.swift; sourceTree = "<group>"; };
		A591412023835F4600CCCF67 /* Constants.swift */ = {isa = PBXFileReference; lastKnownFileType = sourcecode.swift; path = Constants.swift; sourceTree = "<group>"; };
		A5B531F12437CD16008C501C /* AppVersionInfoViewController.swift */ = {isa = PBXFileReference; lastKnownFileType = sourcecode.swift; path = AppVersionInfoViewController.swift; sourceTree = "<group>"; };
		A5C708D72400A2BE0005704E /* DeviceInfoViewController.swift */ = {isa = PBXFileReference; lastKnownFileType = sourcecode.swift; path = DeviceInfoViewController.swift; sourceTree = "<group>"; };
		A5D4E86C24083CF300FD63A0 /* YubiKeyConfigurationConroller.swift */ = {isa = PBXFileReference; lastKnownFileType = sourcecode.swift; path = YubiKeyConfigurationConroller.swift; sourceTree = "<group>"; };
		A5E9DE9F2379F3CD0011FBF4 /* WebViewController.swift */ = {isa = PBXFileReference; lastKnownFileType = sourcecode.swift; path = WebViewController.swift; sourceTree = "<group>"; };
		A5E9DEAF237DE1660011FBF4 /* SettingsConfig.swift */ = {isa = PBXFileReference; lastKnownFileType = sourcecode.swift; path = SettingsConfig.swift; sourceTree = "<group>"; };
/* End PBXFileReference section */

/* Begin PBXFrameworksBuildPhase section */
		818866B022DFD729006BC0A8 /* Frameworks */ = {
			isa = PBXFrameworksBuildPhase;
			buildActionMask = 2147483647;
			files = (
				51BFF0642625847B00ECFA6A /* YubiKit in Frameworks */,
				B9F0FF11F842A39183974083 /* (null) in Frameworks */,
			);
			runOnlyForDeploymentPostprocessing = 0;
		};
		818866C622DFD72C006BC0A8 /* Frameworks */ = {
			isa = PBXFrameworksBuildPhase;
			buildActionMask = 2147483647;
			files = (
			);
			runOnlyForDeploymentPostprocessing = 0;
		};
		818866D122DFD72C006BC0A8 /* Frameworks */ = {
			isa = PBXFrameworksBuildPhase;
			buildActionMask = 2147483647;
			files = (
			);
			runOnlyForDeploymentPostprocessing = 0;
		};
/* End PBXFrameworksBuildPhase section */

/* Begin PBXGroup section */
		513F34BC24633A4A00FCE030 /* EditCredential */ = {
			isa = PBXGroup;
			children = (
				513F34BD24633A7900FCE030 /* EditCredential.storyboard */,
				513F34C12463F44300FCE030 /* EditCredentialController.swift */,
				513F34BF2463F0C900FCE030 /* EditFieldController.swift */,
				513F34C72464658F00FCE030 /* SettingsRowView.swift */,
			);
			path = EditCredential;
			sourceTree = "<group>";
		};
		51EEC530246D34D800061A8F /* Extensions */ = {
			isa = PBXGroup;
			children = (
				51EEC531246D34ED00061A8F /* YKFKeyVersion+Extensions.swift */,
			);
			path = Extensions;
			sourceTree = "<group>";
		};
		816C684423430DC000209342 /* SecureStore */ = {
			isa = PBXGroup;
			children = (
				816C684523430E0700209342 /* SecureStore.swift */,
				816C684723430F8E00209342 /* SecureStoreQueryable.swift */,
				816C684F23440D2200209342 /* SecureStoreError.swift */,
				816C685D234697BE00209342 /* PasswordPreferences.swift */,
			);
			path = SecureStore;
			sourceTree = "<group>";
		};
		817DBA0E2368B7BE001FC18D /* Utils */ = {
			isa = PBXGroup;
			children = (
				A591412023835F4600CCCF67 /* Constants.swift */,
				817DBA0C2368B7B7001FC18D /* UIColorAdditions.swift */,
				A591411C23830EB800CCCF67 /* UIApplicationExtension.swift */,
				A525965A23A45501006AA3C0 /* UIImageAdditions.swift */,
				513F34DB246B144300FCE030 /* UIViewAdditions.swift */,
				51D1E84B264134F300BDA3FF /* UIAlertController+Extensions.swift */,
			);
			path = Utils;
			sourceTree = "<group>";
		};
		818866AA22DFD729006BC0A8 = {
			isa = PBXGroup;
			children = (
				818866B522DFD729006BC0A8 /* Authenticator */,
				818866CC22DFD72C006BC0A8 /* AuthenticatorTests */,
				818866D722DFD72C006BC0A8 /* AuthenticatorUITests */,
				818866B422DFD729006BC0A8 /* Products */,
			);
			sourceTree = "<group>";
		};
		818866B422DFD729006BC0A8 /* Products */ = {
			isa = PBXGroup;
			children = (
				818866B322DFD729006BC0A8 /* Authenticator.app */,
				818866C922DFD72C006BC0A8 /* AuthenticatorTests.xctest */,
				818866D422DFD72C006BC0A8 /* AuthenticatorUITests.xctest */,
			);
			name = Products;
			sourceTree = "<group>";
		};
		818866B522DFD729006BC0A8 /* Authenticator */ = {
			isa = PBXGroup;
			children = (
				818BE8DB22F3486500061026 /* Model */,
				818BE8DA22F3485600061026 /* UI */,
				818866F622E7A877006BC0A8 /* Authenticator.entitlements */,
				818866F122E18804006BC0A8 /* Authenticator-Bridging-Header.h */,
				818866B622DFD729006BC0A8 /* AppDelegate.swift */,
				818866BF22DFD72C006BC0A8 /* Assets.xcassets */,
				818866C422DFD72C006BC0A8 /* Info.plist */,
			);
			path = Authenticator;
			sourceTree = "<group>";
		};
		818866CC22DFD72C006BC0A8 /* AuthenticatorTests */ = {
			isa = PBXGroup;
			children = (
				818866CD22DFD72C006BC0A8 /* AuthenticatorTests.swift */,
				816C685123440EF900209342 /* SecureStoreTests.swift */,
				51EEC535246D38B700061A8F /* YKFKeyVersionExtensionsTests.swift */,
				818866CF22DFD72C006BC0A8 /* Info.plist */,
			);
			path = AuthenticatorTests;
			sourceTree = "<group>";
		};
		818866D722DFD72C006BC0A8 /* AuthenticatorUITests */ = {
			isa = PBXGroup;
			children = (
				818866D822DFD72C006BC0A8 /* AuthenticatorUITests.swift */,
				818866DA22DFD72C006BC0A8 /* Info.plist */,
			);
			path = AuthenticatorUITests;
			sourceTree = "<group>";
		};
		818BE8DA22F3485600061026 /* UI */ = {
			isa = PBXGroup;
			children = (
				817DBA0E2368B7BE001FC18D /* Utils */,
				81FA3C35231AF33E009C22AB /* Main */,
				A544948A23CE546B003E1E07 /* FRE */,
				81FA3C30231AF198009C22AB /* ApplicationSettings */,
				81FA3C2B2319839B009C22AB /* AddCredential */,
				513F34BC24633A4A00FCE030 /* EditCredential */,
				818866BC22DFD729006BC0A8 /* Main.storyboard */,
				818866C122DFD72C006BC0A8 /* LaunchScreen.storyboard */,
			);
			path = UI;
			sourceTree = "<group>";
		};
		818BE8DB22F3486500061026 /* Model */ = {
			isa = PBXGroup;
			children = (
				51EEC530246D34D800061A8F /* Extensions */,
				816C684423430DC000209342 /* SecureStore */,
				51F8E3BE263848E30010686B /* Connection.swift */,
				81C00FDA22EB70A500C54903 /* OATHViewModel.swift */,
				51F8E3BC263847BD0010686B /* ManagementViewModel.swift */,
				818BE8DE22F39A9000061026 /* GlobalTimer.swift */,
				A5588BF8239B0A7F003E4CA5 /* FavoritesStorage.swift */,
				81C00FDC22EBEF0D00C54903 /* Credential.swift */,
				81C4E43C22F94B7B003AFBB8 /* KeySessionError.swift */,
				81DF8FD2237A090A00737268 /* ApplicationSessionObserver.swift */,
				51D1E84D26427F7600BDA3FF /* PasswordCache.swift */,
			);
			path = Model;
			sourceTree = "<group>";
		};
		81FA3C2B2319839B009C22AB /* AddCredential */ = {
			isa = PBXGroup;
			children = (
				818866F422E23D9F006BC0A8 /* AddCredentialController.swift */,
				81FA3C33231AF2D8009C22AB /* AdvancedSettingsViewController.swift */,
				A557BEDF23AD97100097545D /* AddCredential.storyboard */,
			);
			path = AddCredential;
			sourceTree = "<group>";
		};
		81FA3C30231AF198009C22AB /* ApplicationSettings */ = {
			isa = PBXGroup;
			children = (
				811CD95622FB276A00E2BCBB /* SettingsViewController.swift */,
				81FA3C31231AF289009C22AB /* SetPasswordViewController.swift */,
				A5E9DE9F2379F3CD0011FBF4 /* WebViewController.swift */,
				A5E9DEAF237DE1660011FBF4 /* SettingsConfig.swift */,
				A5D4E86C24083CF300FD63A0 /* YubiKeyConfigurationConroller.swift */,
				A5C708D72400A2BE0005704E /* DeviceInfoViewController.swift */,
				A5B531F12437CD16008C501C /* AppVersionInfoViewController.swift */,
			);
			path = ApplicationSettings;
			sourceTree = "<group>";
		};
		81FA3C35231AF33E009C22AB /* Main */ = {
			isa = PBXGroup;
			children = (
				818866E822E18134006BC0A8 /* MainViewController.swift */,
				81BE0C2A232991AD00C60E1D /* BaseOATHVIewController.swift */,
				818866F922E96B47006BC0A8 /* PieProgressBar.swift */,
				818866F722E8E19D006BC0A8 /* CredentialTableViewCell.swift */,
				81FA3C38231AF4F0009C22AB /* UIViewControllerAdditions.swift */,
			);
			path = Main;
			sourceTree = "<group>";
		};
		A544948A23CE546B003E1E07 /* FRE */ = {
			isa = PBXGroup;
			children = (
				A544948B23CE546B003E1E07 /* FrePageViewController.swift */,
				A544948C23CE546B003E1E07 /* FrePagesViewControllers.swift */,
				A544948D23CE546B003E1E07 /* Fre.storyboard */,
			);
			path = FRE;
			sourceTree = "<group>";
		};
/* End PBXGroup section */

/* Begin PBXNativeTarget section */
		818866B222DFD729006BC0A8 /* Authenticator */ = {
			isa = PBXNativeTarget;
			buildConfigurationList = 818866DD22DFD72C006BC0A8 /* Build configuration list for PBXNativeTarget "Authenticator" */;
			buildPhases = (
				818866AF22DFD729006BC0A8 /* Sources */,
				818866B022DFD729006BC0A8 /* Frameworks */,
				818866B122DFD729006BC0A8 /* Resources */,
			);
			buildRules = (
			);
			dependencies = (
			);
			name = Authenticator;
			packageProductDependencies = (
				51BFF0632625847B00ECFA6A /* YubiKit */,
			);
			productName = Authenticator;
			productReference = 818866B322DFD729006BC0A8 /* Authenticator.app */;
			productType = "com.apple.product-type.application";
		};
		818866C822DFD72C006BC0A8 /* AuthenticatorTests */ = {
			isa = PBXNativeTarget;
			buildConfigurationList = 818866E022DFD72C006BC0A8 /* Build configuration list for PBXNativeTarget "AuthenticatorTests" */;
			buildPhases = (
				BBFABF0A77B92CDD1967F3B0 /* [CP] Check Pods Manifest.lock */,
				818866C522DFD72C006BC0A8 /* Sources */,
				818866C622DFD72C006BC0A8 /* Frameworks */,
				818866C722DFD72C006BC0A8 /* Resources */,
				F7BDDD0FCF7314A800D0207D /* [CP] Embed Pods Frameworks */,
			);
			buildRules = (
			);
			dependencies = (
				818866CB22DFD72C006BC0A8 /* PBXTargetDependency */,
			);
			name = AuthenticatorTests;
			productName = AuthenticatorTests;
			productReference = 818866C922DFD72C006BC0A8 /* AuthenticatorTests.xctest */;
			productType = "com.apple.product-type.bundle.unit-test";
		};
		818866D322DFD72C006BC0A8 /* AuthenticatorUITests */ = {
			isa = PBXNativeTarget;
			buildConfigurationList = 818866E322DFD72C006BC0A8 /* Build configuration list for PBXNativeTarget "AuthenticatorUITests" */;
			buildPhases = (
				818866D022DFD72C006BC0A8 /* Sources */,
				818866D122DFD72C006BC0A8 /* Frameworks */,
				818866D222DFD72C006BC0A8 /* Resources */,
			);
			buildRules = (
			);
			dependencies = (
				818866D622DFD72C006BC0A8 /* PBXTargetDependency */,
			);
			name = AuthenticatorUITests;
			productName = AuthenticatorUITests;
			productReference = 818866D422DFD72C006BC0A8 /* AuthenticatorUITests.xctest */;
			productType = "com.apple.product-type.bundle.ui-testing";
		};
/* End PBXNativeTarget section */

/* Begin PBXProject section */
		818866AB22DFD729006BC0A8 /* Project object */ = {
			isa = PBXProject;
			attributes = {
				LastSwiftUpdateCheck = 1020;
				LastUpgradeCheck = 1240;
				ORGANIZATIONNAME = Yubico;
				TargetAttributes = {
					818866B222DFD729006BC0A8 = {
						CreatedOnToolsVersion = 10.2.1;
						SystemCapabilities = {
							com.apple.NearFieldCommunicationTagReading = {
								enabled = 1;
							};
						};
					};
					818866C822DFD72C006BC0A8 = {
						CreatedOnToolsVersion = 10.2.1;
						TestTargetID = 818866B222DFD729006BC0A8;
					};
					818866D322DFD72C006BC0A8 = {
						CreatedOnToolsVersion = 10.2.1;
						TestTargetID = 818866B222DFD729006BC0A8;
					};
				};
			};
			buildConfigurationList = 818866AE22DFD729006BC0A8 /* Build configuration list for PBXProject "Authenticator" */;
			compatibilityVersion = "Xcode 9.3";
			developmentRegion = en;
			hasScannedForEncodings = 0;
			knownRegions = (
				en,
				Base,
			);
			mainGroup = 818866AA22DFD729006BC0A8;
			packageReferences = (
				51BFF0622625847B00ECFA6A /* XCRemoteSwiftPackageReference "yubikit-ios" */,
			);
			productRefGroup = 818866B422DFD729006BC0A8 /* Products */;
			projectDirPath = "";
			projectRoot = "";
			targets = (
				818866B222DFD729006BC0A8 /* Authenticator */,
				818866C822DFD72C006BC0A8 /* AuthenticatorTests */,
				818866D322DFD72C006BC0A8 /* AuthenticatorUITests */,
			);
		};
/* End PBXProject section */

/* Begin PBXResourcesBuildPhase section */
		818866B122DFD729006BC0A8 /* Resources */ = {
			isa = PBXResourcesBuildPhase;
			buildActionMask = 2147483647;
			files = (
				818866C322DFD72C006BC0A8 /* LaunchScreen.storyboard in Resources */,
				513F34BE24633A7900FCE030 /* EditCredential.storyboard in Resources */,
				A557BEE023AD97100097545D /* AddCredential.storyboard in Resources */,
				818866C022DFD72C006BC0A8 /* Assets.xcassets in Resources */,
				A544949023CE546B003E1E07 /* Fre.storyboard in Resources */,
				818866BE22DFD729006BC0A8 /* Main.storyboard in Resources */,
			);
			runOnlyForDeploymentPostprocessing = 0;
		};
		818866C722DFD72C006BC0A8 /* Resources */ = {
			isa = PBXResourcesBuildPhase;
			buildActionMask = 2147483647;
			files = (
			);
			runOnlyForDeploymentPostprocessing = 0;
		};
		818866D222DFD72C006BC0A8 /* Resources */ = {
			isa = PBXResourcesBuildPhase;
			buildActionMask = 2147483647;
			files = (
			);
			runOnlyForDeploymentPostprocessing = 0;
		};
/* End PBXResourcesBuildPhase section */

/* Begin PBXShellScriptBuildPhase section */
		BBFABF0A77B92CDD1967F3B0 /* [CP] Check Pods Manifest.lock */ = {
			isa = PBXShellScriptBuildPhase;
			buildActionMask = 2147483647;
			files = (
			);
			inputFileListPaths = (
			);
			inputPaths = (
				"${PODS_PODFILE_DIR_PATH}/Podfile.lock",
				"${PODS_ROOT}/Manifest.lock",
			);
			name = "[CP] Check Pods Manifest.lock";
			outputFileListPaths = (
			);
			outputPaths = (
				"$(DERIVED_FILE_DIR)/Pods-Authenticator-AuthenticatorTests-checkManifestLockResult.txt",
			);
			runOnlyForDeploymentPostprocessing = 0;
			shellPath = /bin/sh;
			shellScript = "diff \"${PODS_PODFILE_DIR_PATH}/Podfile.lock\" \"${PODS_ROOT}/Manifest.lock\" > /dev/null\nif [ $? != 0 ] ; then\n    # print error to STDERR\n    echo \"error: The sandbox is not in sync with the Podfile.lock. Run 'pod install' or update your CocoaPods installation.\" >&2\n    exit 1\nfi\n# This output is used by Xcode 'outputs' to avoid re-running this script phase.\necho \"SUCCESS\" > \"${SCRIPT_OUTPUT_FILE_0}\"\n";
			showEnvVarsInLog = 0;
		};
		F7BDDD0FCF7314A800D0207D /* [CP] Embed Pods Frameworks */ = {
			isa = PBXShellScriptBuildPhase;
			buildActionMask = 2147483647;
			files = (
			);
			inputFileListPaths = (
			);
			name = "[CP] Embed Pods Frameworks";
			outputFileListPaths = (
			);
			runOnlyForDeploymentPostprocessing = 0;
			shellPath = /bin/sh;
			shellScript = "\"${PODS_ROOT}/Target Support Files/Pods-Authenticator-AuthenticatorTests/Pods-Authenticator-AuthenticatorTests-frameworks.sh\"\n";
			showEnvVarsInLog = 0;
		};
/* End PBXShellScriptBuildPhase section */

/* Begin PBXSourcesBuildPhase section */
		818866AF22DFD729006BC0A8 /* Sources */ = {
			isa = PBXSourcesBuildPhase;
			buildActionMask = 2147483647;
			files = (
				A591412123835F4600CCCF67 /* Constants.swift in Sources */,
				816C684823430F8E00209342 /* SecureStoreQueryable.swift in Sources */,
				818866F522E23DA0006BC0A8 /* AddCredentialController.swift in Sources */,
				A525965B23A45501006AA3C0 /* UIImageAdditions.swift in Sources */,
				A591411D23830EB800CCCF67 /* UIApplicationExtension.swift in Sources */,
				81FA3C34231AF2D8009C22AB /* AdvancedSettingsViewController.swift in Sources */,
				818866B722DFD729006BC0A8 /* AppDelegate.swift in Sources */,
				817DBA0D2368B7B7001FC18D /* UIColorAdditions.swift in Sources */,
				513F34C82464658F00FCE030 /* SettingsRowView.swift in Sources */,
				51F8E3BF263848E30010686B /* Connection.swift in Sources */,
				513F34DC246B144300FCE030 /* UIViewAdditions.swift in Sources */,
				A5E9DEB0237DE1660011FBF4 /* SettingsConfig.swift in Sources */,
				811CD95722FB276A00E2BCBB /* SettingsViewController.swift in Sources */,
				81C00FDB22EB70A500C54903 /* OATHViewModel.swift in Sources */,
				818866E922E18134006BC0A8 /* MainViewController.swift in Sources */,
				51D1E84C264134F300BDA3FF /* UIAlertController+Extensions.swift in Sources */,
				81FA3C32231AF289009C22AB /* SetPasswordViewController.swift in Sources */,
				818866F822E8E19D006BC0A8 /* CredentialTableViewCell.swift in Sources */,
				81C00FDD22EBEF0D00C54903 /* Credential.swift in Sources */,
				513F34C22463F44300FCE030 /* EditCredentialController.swift in Sources */,
				A5E9DEA02379F3CD0011FBF4 /* WebViewController.swift in Sources */,
				51D1E84E26427F7600BDA3FF /* PasswordCache.swift in Sources */,
				A5D4E86D24083CF300FD63A0 /* YubiKeyConfigurationConroller.swift in Sources */,
				81BE0C2B232991AD00C60E1D /* BaseOATHVIewController.swift in Sources */,
				818866FA22E96B47006BC0A8 /* PieProgressBar.swift in Sources */,
				A544948F23CE546B003E1E07 /* FrePagesViewControllers.swift in Sources */,
				A5588BF9239B0A7F003E4CA5 /* FavoritesStorage.swift in Sources */,
				A5C708D82400A2BE0005704E /* DeviceInfoViewController.swift in Sources */,
				81DF8FD3237A090A00737268 /* ApplicationSessionObserver.swift in Sources */,
				513F34C02463F0C900FCE030 /* EditFieldController.swift in Sources */,
				816C685E234697BF00209342 /* PasswordPreferences.swift in Sources */,
				818BE8DF22F39A9000061026 /* GlobalTimer.swift in Sources */,
				81C4E43D22F94B7B003AFBB8 /* KeySessionError.swift in Sources */,
				A544948E23CE546B003E1E07 /* FrePageViewController.swift in Sources */,
				51F8E3BD263847BD0010686B /* ManagementViewModel.swift in Sources */,
				51EEC532246D34ED00061A8F /* YKFKeyVersion+Extensions.swift in Sources */,
				A5B531F22437CD16008C501C /* AppVersionInfoViewController.swift in Sources */,
				816C685023440D2200209342 /* SecureStoreError.swift in Sources */,
				81FA3C39231AF4F0009C22AB /* UIViewControllerAdditions.swift in Sources */,
				816C684623430E0700209342 /* SecureStore.swift in Sources */,
			);
			runOnlyForDeploymentPostprocessing = 0;
		};
		818866C522DFD72C006BC0A8 /* Sources */ = {
			isa = PBXSourcesBuildPhase;
			buildActionMask = 2147483647;
			files = (
				816C685223440EF900209342 /* SecureStoreTests.swift in Sources */,
				818866CE22DFD72C006BC0A8 /* AuthenticatorTests.swift in Sources */,
				51EEC536246D38B700061A8F /* YKFKeyVersionExtensionsTests.swift in Sources */,
			);
			runOnlyForDeploymentPostprocessing = 0;
		};
		818866D022DFD72C006BC0A8 /* Sources */ = {
			isa = PBXSourcesBuildPhase;
			buildActionMask = 2147483647;
			files = (
				818866D922DFD72C006BC0A8 /* AuthenticatorUITests.swift in Sources */,
			);
			runOnlyForDeploymentPostprocessing = 0;
		};
/* End PBXSourcesBuildPhase section */

/* Begin PBXTargetDependency section */
		818866CB22DFD72C006BC0A8 /* PBXTargetDependency */ = {
			isa = PBXTargetDependency;
			target = 818866B222DFD729006BC0A8 /* Authenticator */;
			targetProxy = 818866CA22DFD72C006BC0A8 /* PBXContainerItemProxy */;
		};
		818866D622DFD72C006BC0A8 /* PBXTargetDependency */ = {
			isa = PBXTargetDependency;
			target = 818866B222DFD729006BC0A8 /* Authenticator */;
			targetProxy = 818866D522DFD72C006BC0A8 /* PBXContainerItemProxy */;
		};
/* End PBXTargetDependency section */

/* Begin PBXVariantGroup section */
		818866BC22DFD729006BC0A8 /* Main.storyboard */ = {
			isa = PBXVariantGroup;
			children = (
				818866BD22DFD729006BC0A8 /* Base */,
			);
			name = Main.storyboard;
			sourceTree = "<group>";
		};
		818866C122DFD72C006BC0A8 /* LaunchScreen.storyboard */ = {
			isa = PBXVariantGroup;
			children = (
				818866C222DFD72C006BC0A8 /* Base */,
			);
			name = LaunchScreen.storyboard;
			sourceTree = "<group>";
		};
/* End PBXVariantGroup section */

/* Begin XCBuildConfiguration section */
		818866DB22DFD72C006BC0A8 /* Debug */ = {
			isa = XCBuildConfiguration;
			buildSettings = {
				ALWAYS_SEARCH_USER_PATHS = NO;
				CLANG_ANALYZER_NONNULL = YES;
				CLANG_ANALYZER_NUMBER_OBJECT_CONVERSION = YES_AGGRESSIVE;
				CLANG_CXX_LANGUAGE_STANDARD = "gnu++14";
				CLANG_CXX_LIBRARY = "libc++";
				CLANG_ENABLE_MODULES = YES;
				CLANG_ENABLE_OBJC_ARC = YES;
				CLANG_ENABLE_OBJC_WEAK = YES;
				CLANG_WARN_BLOCK_CAPTURE_AUTORELEASING = YES;
				CLANG_WARN_BOOL_CONVERSION = YES;
				CLANG_WARN_COMMA = YES;
				CLANG_WARN_CONSTANT_CONVERSION = YES;
				CLANG_WARN_DEPRECATED_OBJC_IMPLEMENTATIONS = YES;
				CLANG_WARN_DIRECT_OBJC_ISA_USAGE = YES_ERROR;
				CLANG_WARN_DOCUMENTATION_COMMENTS = YES;
				CLANG_WARN_EMPTY_BODY = YES;
				CLANG_WARN_ENUM_CONVERSION = YES;
				CLANG_WARN_INFINITE_RECURSION = YES;
				CLANG_WARN_INT_CONVERSION = YES;
				CLANG_WARN_NON_LITERAL_NULL_CONVERSION = YES;
				CLANG_WARN_OBJC_IMPLICIT_RETAIN_SELF = YES;
				CLANG_WARN_OBJC_LITERAL_CONVERSION = YES;
				CLANG_WARN_OBJC_ROOT_CLASS = YES_ERROR;
				CLANG_WARN_QUOTED_INCLUDE_IN_FRAMEWORK_HEADER = YES;
				CLANG_WARN_RANGE_LOOP_ANALYSIS = YES;
				CLANG_WARN_STRICT_PROTOTYPES = YES;
				CLANG_WARN_SUSPICIOUS_MOVE = YES;
				CLANG_WARN_UNGUARDED_AVAILABILITY = YES_AGGRESSIVE;
				CLANG_WARN_UNREACHABLE_CODE = YES;
				CLANG_WARN__DUPLICATE_METHOD_MATCH = YES;
				CODE_SIGN_IDENTITY = "iPhone Developer";
				COPY_PHASE_STRIP = NO;
				DEBUG_INFORMATION_FORMAT = dwarf;
				ENABLE_STRICT_OBJC_MSGSEND = YES;
				ENABLE_TESTABILITY = YES;
				GCC_C_LANGUAGE_STANDARD = gnu11;
				GCC_DYNAMIC_NO_PIC = NO;
				GCC_NO_COMMON_BLOCKS = YES;
				GCC_OPTIMIZATION_LEVEL = 0;
				GCC_PREPROCESSOR_DEFINITIONS = (
					"DEBUG=1",
					"$(inherited)",
				);
				GCC_WARN_64_TO_32_BIT_CONVERSION = YES;
				GCC_WARN_ABOUT_RETURN_TYPE = YES_ERROR;
				GCC_WARN_UNDECLARED_SELECTOR = YES;
				GCC_WARN_UNINITIALIZED_AUTOS = YES_AGGRESSIVE;
				GCC_WARN_UNUSED_FUNCTION = YES;
				GCC_WARN_UNUSED_VARIABLE = YES;
				IPHONEOS_DEPLOYMENT_TARGET = 13.0;
				MTL_ENABLE_DEBUG_INFO = INCLUDE_SOURCE;
				MTL_FAST_MATH = YES;
				ONLY_ACTIVE_ARCH = YES;
				SDKROOT = iphoneos;
				SWIFT_ACTIVE_COMPILATION_CONDITIONS = DEBUG;
				SWIFT_OPTIMIZATION_LEVEL = "-Onone";
			};
			name = Debug;
		};
		818866DC22DFD72C006BC0A8 /* Release */ = {
			isa = XCBuildConfiguration;
			buildSettings = {
				ALWAYS_SEARCH_USER_PATHS = NO;
				CLANG_ANALYZER_NONNULL = YES;
				CLANG_ANALYZER_NUMBER_OBJECT_CONVERSION = YES_AGGRESSIVE;
				CLANG_CXX_LANGUAGE_STANDARD = "gnu++14";
				CLANG_CXX_LIBRARY = "libc++";
				CLANG_ENABLE_MODULES = YES;
				CLANG_ENABLE_OBJC_ARC = YES;
				CLANG_ENABLE_OBJC_WEAK = YES;
				CLANG_WARN_BLOCK_CAPTURE_AUTORELEASING = YES;
				CLANG_WARN_BOOL_CONVERSION = YES;
				CLANG_WARN_COMMA = YES;
				CLANG_WARN_CONSTANT_CONVERSION = YES;
				CLANG_WARN_DEPRECATED_OBJC_IMPLEMENTATIONS = YES;
				CLANG_WARN_DIRECT_OBJC_ISA_USAGE = YES_ERROR;
				CLANG_WARN_DOCUMENTATION_COMMENTS = YES;
				CLANG_WARN_EMPTY_BODY = YES;
				CLANG_WARN_ENUM_CONVERSION = YES;
				CLANG_WARN_INFINITE_RECURSION = YES;
				CLANG_WARN_INT_CONVERSION = YES;
				CLANG_WARN_NON_LITERAL_NULL_CONVERSION = YES;
				CLANG_WARN_OBJC_IMPLICIT_RETAIN_SELF = YES;
				CLANG_WARN_OBJC_LITERAL_CONVERSION = YES;
				CLANG_WARN_OBJC_ROOT_CLASS = YES_ERROR;
				CLANG_WARN_QUOTED_INCLUDE_IN_FRAMEWORK_HEADER = YES;
				CLANG_WARN_RANGE_LOOP_ANALYSIS = YES;
				CLANG_WARN_STRICT_PROTOTYPES = YES;
				CLANG_WARN_SUSPICIOUS_MOVE = YES;
				CLANG_WARN_UNGUARDED_AVAILABILITY = YES_AGGRESSIVE;
				CLANG_WARN_UNREACHABLE_CODE = YES;
				CLANG_WARN__DUPLICATE_METHOD_MATCH = YES;
				CODE_SIGN_IDENTITY = "iPhone Developer";
				COPY_PHASE_STRIP = NO;
				DEBUG_INFORMATION_FORMAT = "dwarf-with-dsym";
				ENABLE_NS_ASSERTIONS = NO;
				ENABLE_STRICT_OBJC_MSGSEND = YES;
				GCC_C_LANGUAGE_STANDARD = gnu11;
				GCC_NO_COMMON_BLOCKS = YES;
				GCC_WARN_64_TO_32_BIT_CONVERSION = YES;
				GCC_WARN_ABOUT_RETURN_TYPE = YES_ERROR;
				GCC_WARN_UNDECLARED_SELECTOR = YES;
				GCC_WARN_UNINITIALIZED_AUTOS = YES_AGGRESSIVE;
				GCC_WARN_UNUSED_FUNCTION = YES;
				GCC_WARN_UNUSED_VARIABLE = YES;
				IPHONEOS_DEPLOYMENT_TARGET = 13.0;
				MTL_ENABLE_DEBUG_INFO = NO;
				MTL_FAST_MATH = YES;
				SDKROOT = iphoneos;
				SWIFT_COMPILATION_MODE = wholemodule;
				SWIFT_OPTIMIZATION_LEVEL = "-O";
				VALIDATE_PRODUCT = YES;
			};
			name = Release;
		};
		818866DE22DFD72C006BC0A8 /* Debug */ = {
			isa = XCBuildConfiguration;
			buildSettings = {
				ASSETCATALOG_COMPILER_APPICON_NAME = AppIcon;
				CODE_SIGN_ENTITLEMENTS = Authenticator/Authenticator.entitlements;
				CODE_SIGN_STYLE = Automatic;
				CURRENT_PROJECT_VERSION = 7;
				DEVELOPMENT_TEAM = LQA3CS5MM7;
				HEADER_SEARCH_PATHS = "../Submodules/YubiKit/**";
				INFOPLIST_FILE = Authenticator/Info.plist;
				LD_RUNPATH_SEARCH_PATHS = (
					"$(inherited)",
					"@executable_path/Frameworks",
				);
				LIBRARY_SEARCH_PATHS = "";
				MARKETING_VERSION = 1.5.0;
				OTHER_LDFLAGS = "-ObjC";
				PRODUCT_BUNDLE_IDENTIFIER = com.yubico.Authenticator;
				PRODUCT_NAME = "$(TARGET_NAME)";
				SUPPORTS_MACCATALYST = NO;
				SWIFT_OBJC_BRIDGING_HEADER = "Authenticator/Authenticator-Bridging-Header.h";
				SWIFT_VERSION = 5.0;
				TARGETED_DEVICE_FAMILY = "1,2";
			};
			name = Debug;
		};
		818866DF22DFD72C006BC0A8 /* Release */ = {
			isa = XCBuildConfiguration;
			buildSettings = {
				ASSETCATALOG_COMPILER_APPICON_NAME = AppIcon;
				CODE_SIGN_ENTITLEMENTS = Authenticator/Authenticator.entitlements;
				CODE_SIGN_STYLE = Automatic;
				CURRENT_PROJECT_VERSION = 7;
				DEVELOPMENT_TEAM = LQA3CS5MM7;
				HEADER_SEARCH_PATHS = "../Submodules/YubiKit/**";
				INFOPLIST_FILE = Authenticator/Info.plist;
				LD_RUNPATH_SEARCH_PATHS = (
					"$(inherited)",
					"@executable_path/Frameworks",
				);
				LIBRARY_SEARCH_PATHS = "";
				MARKETING_VERSION = 1.5.0;
				OTHER_LDFLAGS = "-ObjC";
				PRODUCT_BUNDLE_IDENTIFIER = com.yubico.Authenticator;
				PRODUCT_NAME = "$(TARGET_NAME)";
				SUPPORTS_MACCATALYST = NO;
				SWIFT_OBJC_BRIDGING_HEADER = "Authenticator/Authenticator-Bridging-Header.h";
				SWIFT_VERSION = 5.0;
				TARGETED_DEVICE_FAMILY = "1,2";
			};
			name = Release;
		};
		818866E122DFD72C006BC0A8 /* Debug */ = {
			isa = XCBuildConfiguration;
			buildSettings = {
				ALWAYS_EMBED_SWIFT_STANDARD_LIBRARIES = YES;
				BUNDLE_LOADER = "$(TEST_HOST)";
				CODE_SIGN_STYLE = Automatic;
				DEVELOPMENT_TEAM = LQA3CS5MM7;
				INFOPLIST_FILE = AuthenticatorTests/Info.plist;
				LD_RUNPATH_SEARCH_PATHS = (
					"$(inherited)",
					"@executable_path/Frameworks",
					"@loader_path/Frameworks",
				);
				PRODUCT_BUNDLE_IDENTIFIER = com.yubico.AuthenticatorTests;
				PRODUCT_NAME = "$(TARGET_NAME)";
				SWIFT_VERSION = 5.0;
				TARGETED_DEVICE_FAMILY = "1,2";
				TEST_HOST = "$(BUILT_PRODUCTS_DIR)/Authenticator.app/Authenticator";
			};
			name = Debug;
		};
		818866E222DFD72C006BC0A8 /* Release */ = {
			isa = XCBuildConfiguration;
			buildSettings = {
				ALWAYS_EMBED_SWIFT_STANDARD_LIBRARIES = YES;
				BUNDLE_LOADER = "$(TEST_HOST)";
				CODE_SIGN_STYLE = Automatic;
				DEVELOPMENT_TEAM = LQA3CS5MM7;
				INFOPLIST_FILE = AuthenticatorTests/Info.plist;
				LD_RUNPATH_SEARCH_PATHS = (
					"$(inherited)",
					"@executable_path/Frameworks",
					"@loader_path/Frameworks",
				);
				PRODUCT_BUNDLE_IDENTIFIER = com.yubico.AuthenticatorTests;
				PRODUCT_NAME = "$(TARGET_NAME)";
				SWIFT_VERSION = 5.0;
				TARGETED_DEVICE_FAMILY = "1,2";
				TEST_HOST = "$(BUILT_PRODUCTS_DIR)/Authenticator.app/Authenticator";
			};
			name = Release;
		};
		818866E422DFD72C006BC0A8 /* Debug */ = {
			isa = XCBuildConfiguration;
			buildSettings = {
				ALWAYS_EMBED_SWIFT_STANDARD_LIBRARIES = YES;
				CODE_SIGN_STYLE = Automatic;
				DEVELOPMENT_TEAM = LQA3CS5MM7;
				INFOPLIST_FILE = AuthenticatorUITests/Info.plist;
				LD_RUNPATH_SEARCH_PATHS = (
					"$(inherited)",
					"@executable_path/Frameworks",
					"@loader_path/Frameworks",
				);
				PRODUCT_BUNDLE_IDENTIFIER = com.yubico.AuthenticatorUITests;
				PRODUCT_NAME = "$(TARGET_NAME)";
				SWIFT_VERSION = 5.0;
				TARGETED_DEVICE_FAMILY = "1,2";
				TEST_TARGET_NAME = Authenticator;
			};
			name = Debug;
		};
		818866E522DFD72C006BC0A8 /* Release */ = {
			isa = XCBuildConfiguration;
			buildSettings = {
				ALWAYS_EMBED_SWIFT_STANDARD_LIBRARIES = YES;
				CODE_SIGN_STYLE = Automatic;
				DEVELOPMENT_TEAM = LQA3CS5MM7;
				INFOPLIST_FILE = AuthenticatorUITests/Info.plist;
				LD_RUNPATH_SEARCH_PATHS = (
					"$(inherited)",
					"@executable_path/Frameworks",
					"@loader_path/Frameworks",
				);
				PRODUCT_BUNDLE_IDENTIFIER = com.yubico.AuthenticatorUITests;
				PRODUCT_NAME = "$(TARGET_NAME)";
				SWIFT_VERSION = 5.0;
				TARGETED_DEVICE_FAMILY = "1,2";
				TEST_TARGET_NAME = Authenticator;
			};
			name = Release;
		};
/* End XCBuildConfiguration section */

/* Begin XCConfigurationList section */
		818866AE22DFD729006BC0A8 /* Build configuration list for PBXProject "Authenticator" */ = {
			isa = XCConfigurationList;
			buildConfigurations = (
				818866DB22DFD72C006BC0A8 /* Debug */,
				818866DC22DFD72C006BC0A8 /* Release */,
			);
			defaultConfigurationIsVisible = 0;
			defaultConfigurationName = Release;
		};
		818866DD22DFD72C006BC0A8 /* Build configuration list for PBXNativeTarget "Authenticator" */ = {
			isa = XCConfigurationList;
			buildConfigurations = (
				818866DE22DFD72C006BC0A8 /* Debug */,
				818866DF22DFD72C006BC0A8 /* Release */,
			);
			defaultConfigurationIsVisible = 0;
			defaultConfigurationName = Release;
		};
		818866E022DFD72C006BC0A8 /* Build configuration list for PBXNativeTarget "AuthenticatorTests" */ = {
			isa = XCConfigurationList;
			buildConfigurations = (
				818866E122DFD72C006BC0A8 /* Debug */,
				818866E222DFD72C006BC0A8 /* Release */,
			);
			defaultConfigurationIsVisible = 0;
			defaultConfigurationName = Release;
		};
		818866E322DFD72C006BC0A8 /* Build configuration list for PBXNativeTarget "AuthenticatorUITests" */ = {
			isa = XCConfigurationList;
			buildConfigurations = (
				818866E422DFD72C006BC0A8 /* Debug */,
				818866E522DFD72C006BC0A8 /* Release */,
			);
			defaultConfigurationIsVisible = 0;
			defaultConfigurationName = Release;
		};
/* End XCConfigurationList section */

/* Begin XCRemoteSwiftPackageReference section */
		51BFF0622625847B00ECFA6A /* XCRemoteSwiftPackageReference "yubikit-ios" */ = {
			isa = XCRemoteSwiftPackageReference;
			repositoryURL = "https://github.com/Yubico/yubikit-ios";
			requirement = {
				branch = "jens/add-timestamp-to-oath-calculate";
				kind = branch;
			};
		};
/* End XCRemoteSwiftPackageReference section */

/* Begin XCSwiftPackageProductDependency section */
		51BFF0632625847B00ECFA6A /* YubiKit */ = {
			isa = XCSwiftPackageProductDependency;
			package = 51BFF0622625847B00ECFA6A /* XCRemoteSwiftPackageReference "yubikit-ios" */;
			productName = YubiKit;
		};
/* End XCSwiftPackageProductDependency section */
	};
	rootObject = 818866AB22DFD729006BC0A8 /* Project object */;
}
