// !$*UTF8*$!
{
	archiveVersion = 1;
	classes = {
	};
	objectVersion = 50;
	objects = {

/* Begin PBXBuildFile section */
		811CD95722FB276A00E2BCBB /* SettingsViewController.swift in Sources */ = {isa = PBXBuildFile; fileRef = 811CD95622FB276A00E2BCBB /* SettingsViewController.swift */; };
		815E0A4823293A0A00F2478F /* ValidateOperation.swift in Sources */ = {isa = PBXBuildFile; fileRef = 815E0A4723293A0A00F2478F /* ValidateOperation.swift */; };
		815E0A4A23294DEA00F2478F /* PutOperation.swift in Sources */ = {isa = PBXBuildFile; fileRef = 815E0A4923294DEA00F2478F /* PutOperation.swift */; };
		815E0A4C2329520100F2478F /* DeleteOperation.swift in Sources */ = {isa = PBXBuildFile; fileRef = 815E0A4B2329520100F2478F /* DeleteOperation.swift */; };
		815E0A4E2329557300F2478F /* SetCodeOperation.swift in Sources */ = {isa = PBXBuildFile; fileRef = 815E0A4D2329557300F2478F /* SetCodeOperation.swift */; };
		816BF3D52325835C00D2F44A /* CalculateAllOperation.swift in Sources */ = {isa = PBXBuildFile; fileRef = 816BF3D42325835C00D2F44A /* CalculateAllOperation.swift */; };
		816C684623430E0700209342 /* SecureStore.swift in Sources */ = {isa = PBXBuildFile; fileRef = 816C684523430E0700209342 /* SecureStore.swift */; };
		816C684823430F8E00209342 /* SecureStoreQueryable.swift in Sources */ = {isa = PBXBuildFile; fileRef = 816C684723430F8E00209342 /* SecureStoreQueryable.swift */; };
		816C685023440D2200209342 /* SecureStoreError.swift in Sources */ = {isa = PBXBuildFile; fileRef = 816C684F23440D2200209342 /* SecureStoreError.swift */; };
		816C685223440EF900209342 /* SecureStoreTests.swift in Sources */ = {isa = PBXBuildFile; fileRef = 816C685123440EF900209342 /* SecureStoreTests.swift */; };
		816C685E234697BF00209342 /* PasswordPreferences.swift in Sources */ = {isa = PBXBuildFile; fileRef = 816C685D234697BE00209342 /* PasswordPreferences.swift */; };
		817DBA0D2368B7B7001FC18D /* UIColorAdditions.swift in Sources */ = {isa = PBXBuildFile; fileRef = 817DBA0C2368B7B7001FC18D /* UIColorAdditions.swift */; };
		818866B722DFD729006BC0A8 /* AppDelegate.swift in Sources */ = {isa = PBXBuildFile; fileRef = 818866B622DFD729006BC0A8 /* AppDelegate.swift */; };
		818866BE22DFD729006BC0A8 /* Main.storyboard in Resources */ = {isa = PBXBuildFile; fileRef = 818866BC22DFD729006BC0A8 /* Main.storyboard */; };
		818866C022DFD72C006BC0A8 /* Assets.xcassets in Resources */ = {isa = PBXBuildFile; fileRef = 818866BF22DFD72C006BC0A8 /* Assets.xcassets */; };
		818866C322DFD72C006BC0A8 /* LaunchScreen.storyboard in Resources */ = {isa = PBXBuildFile; fileRef = 818866C122DFD72C006BC0A8 /* LaunchScreen.storyboard */; };
		818866CE22DFD72C006BC0A8 /* AuthenticatorTests.swift in Sources */ = {isa = PBXBuildFile; fileRef = 818866CD22DFD72C006BC0A8 /* AuthenticatorTests.swift */; };
		818866D922DFD72C006BC0A8 /* AuthenticatorUITests.swift in Sources */ = {isa = PBXBuildFile; fileRef = 818866D822DFD72C006BC0A8 /* AuthenticatorUITests.swift */; };
		818866E922E18134006BC0A8 /* MainViewController.swift in Sources */ = {isa = PBXBuildFile; fileRef = 818866E822E18134006BC0A8 /* MainViewController.swift */; };
		818866F522E23DA0006BC0A8 /* AddCredentialController.swift in Sources */ = {isa = PBXBuildFile; fileRef = 818866F422E23D9F006BC0A8 /* AddCredentialController.swift */; };
		818866F822E8E19D006BC0A8 /* CredentialTableViewCell.swift in Sources */ = {isa = PBXBuildFile; fileRef = 818866F722E8E19D006BC0A8 /* CredentialTableViewCell.swift */; };
		818866FA22E96B47006BC0A8 /* PieProgressBar.swift in Sources */ = {isa = PBXBuildFile; fileRef = 818866F922E96B47006BC0A8 /* PieProgressBar.swift */; };
		818BE8DF22F39A9000061026 /* GlobalTimer.swift in Sources */ = {isa = PBXBuildFile; fileRef = 818BE8DE22F39A9000061026 /* GlobalTimer.swift */; };
		81BE0C27232975AA00C60E1D /* ResetOperation.swift in Sources */ = {isa = PBXBuildFile; fileRef = 81BE0C26232975AA00C60E1D /* ResetOperation.swift */; };
		81BE0C2B232991AD00C60E1D /* BaseOATHVIewController.swift in Sources */ = {isa = PBXBuildFile; fileRef = 81BE0C2A232991AD00C60E1D /* BaseOATHVIewController.swift */; };
		81BE0C2D23299D6C00C60E1D /* UniqueOperationQueue.swift in Sources */ = {isa = PBXBuildFile; fileRef = 81BE0C2C23299D6C00C60E1D /* UniqueOperationQueue.swift */; };
		81C00FDB22EB70A500C54903 /* YubikitManagerModel.swift in Sources */ = {isa = PBXBuildFile; fileRef = 81C00FDA22EB70A500C54903 /* YubikitManagerModel.swift */; };
		81C00FDD22EBEF0D00C54903 /* Credential.swift in Sources */ = {isa = PBXBuildFile; fileRef = 81C00FDC22EBEF0D00C54903 /* Credential.swift */; };
		81C4E43D22F94B7B003AFBB8 /* KeySessionError.swift in Sources */ = {isa = PBXBuildFile; fileRef = 81C4E43C22F94B7B003AFBB8 /* KeySessionError.swift */; };
		81DF8FD3237A090A00737268 /* ApplicationSessionObserver.swift in Sources */ = {isa = PBXBuildFile; fileRef = 81DF8FD2237A090A00737268 /* ApplicationSessionObserver.swift */; };
		81E009C322FF44B100E7715B /* KeySessionObserver.swift in Sources */ = {isa = PBXBuildFile; fileRef = 81E009C222FF44B100E7715B /* KeySessionObserver.swift */; };
		81E8D4DD231FDFCE004B6F9E /* CalculateOperation.swift in Sources */ = {isa = PBXBuildFile; fileRef = 81E8D4DC231FDFCE004B6F9E /* CalculateOperation.swift */; };
		81E8D4E0231FF9A9004B6F9E /* OATHOperation.swift in Sources */ = {isa = PBXBuildFile; fileRef = 81E8D4DF231FF9A9004B6F9E /* OATHOperation.swift */; };
		81FA3C32231AF289009C22AB /* SetPasswordViewController.swift in Sources */ = {isa = PBXBuildFile; fileRef = 81FA3C31231AF289009C22AB /* SetPasswordViewController.swift */; };
		81FA3C34231AF2D8009C22AB /* AdvancedSettingsViewController.swift in Sources */ = {isa = PBXBuildFile; fileRef = 81FA3C33231AF2D8009C22AB /* AdvancedSettingsViewController.swift */; };
		81FA3C39231AF4F0009C22AB /* UIViewControllerAdditions.swift in Sources */ = {isa = PBXBuildFile; fileRef = 81FA3C38231AF4F0009C22AB /* UIViewControllerAdditions.swift */; };
		A525965B23A45501006AA3C0 /* UIImageAdditions.swift in Sources */ = {isa = PBXBuildFile; fileRef = A525965A23A45501006AA3C0 /* UIImageAdditions.swift */; };
		A537399E23DB9C520057E9E2 /* AuthenticationTypeEnum.swift in Sources */ = {isa = PBXBuildFile; fileRef = A537399D23DB9C520057E9E2 /* AuthenticationTypeEnum.swift */; };
		A544948E23CE546B003E1E07 /* FrePageViewController.swift in Sources */ = {isa = PBXBuildFile; fileRef = A544948B23CE546B003E1E07 /* FrePageViewController.swift */; };
		A544948F23CE546B003E1E07 /* FrePagesViewControllers.swift in Sources */ = {isa = PBXBuildFile; fileRef = A544948C23CE546B003E1E07 /* FrePagesViewControllers.swift */; };
		A544949023CE546B003E1E07 /* Fre.storyboard in Resources */ = {isa = PBXBuildFile; fileRef = A544948D23CE546B003E1E07 /* Fre.storyboard */; };
		A556D1602405A100007014A7 /* GetKeyVersionOperation.swift in Sources */ = {isa = PBXBuildFile; fileRef = A556D15F2405A100007014A7 /* GetKeyVersionOperation.swift */; };
		A557BEE023AD97100097545D /* AddCredential.storyboard in Resources */ = {isa = PBXBuildFile; fileRef = A557BEDF23AD97100097545D /* AddCredential.storyboard */; };
		A5588BF9239B0A7F003E4CA5 /* FavoritesStorage.swift in Sources */ = {isa = PBXBuildFile; fileRef = A5588BF8239B0A7F003E4CA5 /* FavoritesStorage.swift */; };
		A591411D23830EB800CCCF67 /* UIApplicationExtension.swift in Sources */ = {isa = PBXBuildFile; fileRef = A591411C23830EB800CCCF67 /* UIApplicationExtension.swift */; };
		A591412123835F4600CCCF67 /* Constants.swift in Sources */ = {isa = PBXBuildFile; fileRef = A591412023835F4600CCCF67 /* Constants.swift */; };
		A5C708D82400A2BE0005704E /* DeviceInfoViewController.swift in Sources */ = {isa = PBXBuildFile; fileRef = A5C708D72400A2BE0005704E /* DeviceInfoViewController.swift */; };
		A5D4E86D24083CF300FD63A0 /* YubiKeyConfigurationConroller.swift in Sources */ = {isa = PBXBuildFile; fileRef = A5D4E86C24083CF300FD63A0 /* YubiKeyConfigurationConroller.swift */; };
		A5D4E87124085A9C00FD63A0 /* ManagmentServiceOperation.swift in Sources */ = {isa = PBXBuildFile; fileRef = A5D4E87024085A9C00FD63A0 /* ManagmentServiceOperation.swift */; };
		A5D4E8732408748800FD63A0 /* GetKeyConfigurationOperation.swift in Sources */ = {isa = PBXBuildFile; fileRef = A5D4E8722408748800FD63A0 /* GetKeyConfigurationOperation.swift */; };
		A5D4E87524087A1D00FD63A0 /* SetKeyConfigurationOperation.swift in Sources */ = {isa = PBXBuildFile; fileRef = A5D4E87424087A1D00FD63A0 /* SetKeyConfigurationOperation.swift */; };
		A5E9DEA02379F3CD0011FBF4 /* WebViewController.swift in Sources */ = {isa = PBXBuildFile; fileRef = A5E9DE9F2379F3CD0011FBF4 /* WebViewController.swift */; };
		A5E9DEB0237DE1660011FBF4 /* SettingsConfig.swift in Sources */ = {isa = PBXBuildFile; fileRef = A5E9DEAF237DE1660011FBF4 /* SettingsConfig.swift */; };
		A5F23EAC240E17710060A127 /* BaseOperation.swift in Sources */ = {isa = PBXBuildFile; fileRef = A5F23EAB240E17710060A127 /* BaseOperation.swift */; };
		B9F0FF11F842A39183974083 /* Pods_Authenticator.framework in Frameworks */ = {isa = PBXBuildFile; fileRef = 45F91D129E5099BF43FFD197 /* Pods_Authenticator.framework */; };
/* End PBXBuildFile section */

/* Begin PBXContainerItemProxy section */
		818866CA22DFD72C006BC0A8 /* PBXContainerItemProxy */ = {
			isa = PBXContainerItemProxy;
			containerPortal = 818866AB22DFD729006BC0A8 /* Project object */;
			proxyType = 1;
			remoteGlobalIDString = 818866B222DFD729006BC0A8;
			remoteInfo = Authenticator;
		};
		818866D522DFD72C006BC0A8 /* PBXContainerItemProxy */ = {
			isa = PBXContainerItemProxy;
			containerPortal = 818866AB22DFD729006BC0A8 /* Project object */;
			proxyType = 1;
			remoteGlobalIDString = 818866B222DFD729006BC0A8;
			remoteInfo = Authenticator;
		};
/* End PBXContainerItemProxy section */

/* Begin PBXFileReference section */
		45F91D129E5099BF43FFD197 /* Pods_Authenticator.framework */ = {isa = PBXFileReference; explicitFileType = wrapper.framework; includeInIndex = 0; path = Pods_Authenticator.framework; sourceTree = BUILT_PRODUCTS_DIR; };
		811CD95622FB276A00E2BCBB /* SettingsViewController.swift */ = {isa = PBXFileReference; lastKnownFileType = sourcecode.swift; path = SettingsViewController.swift; sourceTree = "<group>"; };
		815E0A4723293A0A00F2478F /* ValidateOperation.swift */ = {isa = PBXFileReference; lastKnownFileType = sourcecode.swift; path = ValidateOperation.swift; sourceTree = "<group>"; };
		815E0A4923294DEA00F2478F /* PutOperation.swift */ = {isa = PBXFileReference; lastKnownFileType = sourcecode.swift; path = PutOperation.swift; sourceTree = "<group>"; };
		815E0A4B2329520100F2478F /* DeleteOperation.swift */ = {isa = PBXFileReference; lastKnownFileType = sourcecode.swift; path = DeleteOperation.swift; sourceTree = "<group>"; };
		815E0A4D2329557300F2478F /* SetCodeOperation.swift */ = {isa = PBXFileReference; lastKnownFileType = sourcecode.swift; path = SetCodeOperation.swift; sourceTree = "<group>"; };
		816BF3D42325835C00D2F44A /* CalculateAllOperation.swift */ = {isa = PBXFileReference; lastKnownFileType = sourcecode.swift; path = CalculateAllOperation.swift; sourceTree = "<group>"; };
		816C684523430E0700209342 /* SecureStore.swift */ = {isa = PBXFileReference; lastKnownFileType = sourcecode.swift; path = SecureStore.swift; sourceTree = "<group>"; };
		816C684723430F8E00209342 /* SecureStoreQueryable.swift */ = {isa = PBXFileReference; lastKnownFileType = sourcecode.swift; path = SecureStoreQueryable.swift; sourceTree = "<group>"; };
		816C684F23440D2200209342 /* SecureStoreError.swift */ = {isa = PBXFileReference; lastKnownFileType = sourcecode.swift; path = SecureStoreError.swift; sourceTree = "<group>"; };
		816C685123440EF900209342 /* SecureStoreTests.swift */ = {isa = PBXFileReference; lastKnownFileType = sourcecode.swift; path = SecureStoreTests.swift; sourceTree = "<group>"; };
		816C685D234697BE00209342 /* PasswordPreferences.swift */ = {isa = PBXFileReference; lastKnownFileType = sourcecode.swift; path = PasswordPreferences.swift; sourceTree = "<group>"; };
		817DBA0C2368B7B7001FC18D /* UIColorAdditions.swift */ = {isa = PBXFileReference; lastKnownFileType = sourcecode.swift; path = UIColorAdditions.swift; sourceTree = "<group>"; };
		818866B322DFD729006BC0A8 /* Authenticator.app */ = {isa = PBXFileReference; explicitFileType = wrapper.application; includeInIndex = 0; path = Authenticator.app; sourceTree = BUILT_PRODUCTS_DIR; };
		818866B622DFD729006BC0A8 /* AppDelegate.swift */ = {isa = PBXFileReference; lastKnownFileType = sourcecode.swift; path = AppDelegate.swift; sourceTree = "<group>"; };
		818866BD22DFD729006BC0A8 /* Base */ = {isa = PBXFileReference; lastKnownFileType = file.storyboard; name = Base; path = Base.lproj/Main.storyboard; sourceTree = "<group>"; };
		818866BF22DFD72C006BC0A8 /* Assets.xcassets */ = {isa = PBXFileReference; lastKnownFileType = folder.assetcatalog; path = Assets.xcassets; sourceTree = "<group>"; };
		818866C222DFD72C006BC0A8 /* Base */ = {isa = PBXFileReference; lastKnownFileType = file.storyboard; name = Base; path = Base.lproj/LaunchScreen.storyboard; sourceTree = "<group>"; };
		818866C422DFD72C006BC0A8 /* Info.plist */ = {isa = PBXFileReference; lastKnownFileType = text.plist.xml; path = Info.plist; sourceTree = "<group>"; };
		818866C922DFD72C006BC0A8 /* AuthenticatorTests.xctest */ = {isa = PBXFileReference; explicitFileType = wrapper.cfbundle; includeInIndex = 0; path = AuthenticatorTests.xctest; sourceTree = BUILT_PRODUCTS_DIR; };
		818866CD22DFD72C006BC0A8 /* AuthenticatorTests.swift */ = {isa = PBXFileReference; lastKnownFileType = sourcecode.swift; path = AuthenticatorTests.swift; sourceTree = "<group>"; };
		818866CF22DFD72C006BC0A8 /* Info.plist */ = {isa = PBXFileReference; lastKnownFileType = text.plist.xml; path = Info.plist; sourceTree = "<group>"; };
		818866D422DFD72C006BC0A8 /* AuthenticatorUITests.xctest */ = {isa = PBXFileReference; explicitFileType = wrapper.cfbundle; includeInIndex = 0; path = AuthenticatorUITests.xctest; sourceTree = BUILT_PRODUCTS_DIR; };
		818866D822DFD72C006BC0A8 /* AuthenticatorUITests.swift */ = {isa = PBXFileReference; lastKnownFileType = sourcecode.swift; path = AuthenticatorUITests.swift; sourceTree = "<group>"; };
		818866DA22DFD72C006BC0A8 /* Info.plist */ = {isa = PBXFileReference; lastKnownFileType = text.plist.xml; path = Info.plist; sourceTree = "<group>"; };
		818866E822E18134006BC0A8 /* MainViewController.swift */ = {isa = PBXFileReference; lastKnownFileType = sourcecode.swift; name = MainViewController.swift; path = Authenticator/UI/Main/MainViewController.swift; sourceTree = SOURCE_ROOT; };
		818866F122E18804006BC0A8 /* Authenticator-Bridging-Header.h */ = {isa = PBXFileReference; lastKnownFileType = sourcecode.c.h; path = "Authenticator-Bridging-Header.h"; sourceTree = "<group>"; };
		818866F422E23D9F006BC0A8 /* AddCredentialController.swift */ = {isa = PBXFileReference; fileEncoding = 4; lastKnownFileType = sourcecode.swift; name = AddCredentialController.swift; path = Authenticator/UI/AddCredential/AddCredentialController.swift; sourceTree = SOURCE_ROOT; };
		818866F622E7A877006BC0A8 /* Authenticator.entitlements */ = {isa = PBXFileReference; lastKnownFileType = text.plist.entitlements; path = Authenticator.entitlements; sourceTree = "<group>"; };
		818866F722E8E19D006BC0A8 /* CredentialTableViewCell.swift */ = {isa = PBXFileReference; lastKnownFileType = sourcecode.swift; name = CredentialTableViewCell.swift; path = Authenticator/UI/Main/CredentialTableViewCell.swift; sourceTree = SOURCE_ROOT; };
		818866F922E96B47006BC0A8 /* PieProgressBar.swift */ = {isa = PBXFileReference; lastKnownFileType = sourcecode.swift; name = PieProgressBar.swift; path = Authenticator/UI/Main/PieProgressBar.swift; sourceTree = SOURCE_ROOT; };
		818BE8DE22F39A9000061026 /* GlobalTimer.swift */ = {isa = PBXFileReference; fileEncoding = 4; lastKnownFileType = sourcecode.swift; path = GlobalTimer.swift; sourceTree = "<group>"; };
		81BE0C26232975AA00C60E1D /* ResetOperation.swift */ = {isa = PBXFileReference; lastKnownFileType = sourcecode.swift; path = ResetOperation.swift; sourceTree = "<group>"; };
		81BE0C2A232991AD00C60E1D /* BaseOATHVIewController.swift */ = {isa = PBXFileReference; fileEncoding = 4; lastKnownFileType = sourcecode.swift; path = BaseOATHVIewController.swift; sourceTree = "<group>"; };
		81BE0C2C23299D6C00C60E1D /* UniqueOperationQueue.swift */ = {isa = PBXFileReference; lastKnownFileType = sourcecode.swift; path = UniqueOperationQueue.swift; sourceTree = "<group>"; };
		81C00FDA22EB70A500C54903 /* YubikitManagerModel.swift */ = {isa = PBXFileReference; lastKnownFileType = sourcecode.swift; path = YubikitManagerModel.swift; sourceTree = "<group>"; };
		81C00FDC22EBEF0D00C54903 /* Credential.swift */ = {isa = PBXFileReference; lastKnownFileType = sourcecode.swift; path = Credential.swift; sourceTree = "<group>"; };
		81C4E43C22F94B7B003AFBB8 /* KeySessionError.swift */ = {isa = PBXFileReference; lastKnownFileType = sourcecode.swift; path = KeySessionError.swift; sourceTree = "<group>"; };
		81DF8FD2237A090A00737268 /* ApplicationSessionObserver.swift */ = {isa = PBXFileReference; lastKnownFileType = sourcecode.swift; path = ApplicationSessionObserver.swift; sourceTree = "<group>"; };
		81E009C222FF44B100E7715B /* KeySessionObserver.swift */ = {isa = PBXFileReference; fileEncoding = 4; lastKnownFileType = sourcecode.swift; path = KeySessionObserver.swift; sourceTree = "<group>"; };
		81E8D4DC231FDFCE004B6F9E /* CalculateOperation.swift */ = {isa = PBXFileReference; lastKnownFileType = sourcecode.swift; path = CalculateOperation.swift; sourceTree = "<group>"; };
		81E8D4DF231FF9A9004B6F9E /* OATHOperation.swift */ = {isa = PBXFileReference; lastKnownFileType = sourcecode.swift; path = OATHOperation.swift; sourceTree = "<group>"; };
		81FA3C31231AF289009C22AB /* SetPasswordViewController.swift */ = {isa = PBXFileReference; lastKnownFileType = sourcecode.swift; path = SetPasswordViewController.swift; sourceTree = "<group>"; };
		81FA3C33231AF2D8009C22AB /* AdvancedSettingsViewController.swift */ = {isa = PBXFileReference; fileEncoding = 4; lastKnownFileType = sourcecode.swift; path = AdvancedSettingsViewController.swift; sourceTree = "<group>"; };
		81FA3C38231AF4F0009C22AB /* UIViewControllerAdditions.swift */ = {isa = PBXFileReference; lastKnownFileType = sourcecode.swift; path = UIViewControllerAdditions.swift; sourceTree = "<group>"; };
		A525965A23A45501006AA3C0 /* UIImageAdditions.swift */ = {isa = PBXFileReference; lastKnownFileType = sourcecode.swift; path = UIImageAdditions.swift; sourceTree = "<group>"; };
		A537399D23DB9C520057E9E2 /* AuthenticationTypeEnum.swift */ = {isa = PBXFileReference; lastKnownFileType = sourcecode.swift; path = AuthenticationTypeEnum.swift; sourceTree = "<group>"; };
		A544948B23CE546B003E1E07 /* FrePageViewController.swift */ = {isa = PBXFileReference; fileEncoding = 4; lastKnownFileType = sourcecode.swift; path = FrePageViewController.swift; sourceTree = "<group>"; };
		A544948C23CE546B003E1E07 /* FrePagesViewControllers.swift */ = {isa = PBXFileReference; fileEncoding = 4; lastKnownFileType = sourcecode.swift; path = FrePagesViewControllers.swift; sourceTree = "<group>"; };
		A544948D23CE546B003E1E07 /* Fre.storyboard */ = {isa = PBXFileReference; fileEncoding = 4; lastKnownFileType = file.storyboard; path = Fre.storyboard; sourceTree = "<group>"; };
		A556D15F2405A100007014A7 /* GetKeyVersionOperation.swift */ = {isa = PBXFileReference; lastKnownFileType = sourcecode.swift; path = GetKeyVersionOperation.swift; sourceTree = "<group>"; };
		A557BEDF23AD97100097545D /* AddCredential.storyboard */ = {isa = PBXFileReference; lastKnownFileType = file.storyboard; path = AddCredential.storyboard; sourceTree = "<group>"; };
		A5588BF8239B0A7F003E4CA5 /* FavoritesStorage.swift */ = {isa = PBXFileReference; lastKnownFileType = sourcecode.swift; path = FavoritesStorage.swift; sourceTree = "<group>"; };
		A591411C23830EB800CCCF67 /* UIApplicationExtension.swift */ = {isa = PBXFileReference; lastKnownFileType = sourcecode.swift; path = UIApplicationExtension.swift; sourceTree = "<group>"; };
		A591412023835F4600CCCF67 /* Constants.swift */ = {isa = PBXFileReference; lastKnownFileType = sourcecode.swift; path = Constants.swift; sourceTree = "<group>"; };
		A5C53C352370EA8B00C89CAC /* StringExtension.swift */ = {isa = PBXFileReference; lastKnownFileType = sourcecode.swift; path = StringExtension.swift; sourceTree = "<group>"; };
		A5C708D72400A2BE0005704E /* DeviceInfoViewController.swift */ = {isa = PBXFileReference; lastKnownFileType = sourcecode.swift; path = DeviceInfoViewController.swift; sourceTree = "<group>"; };
		A5D4E86C24083CF300FD63A0 /* YubiKeyConfigurationConroller.swift */ = {isa = PBXFileReference; lastKnownFileType = sourcecode.swift; path = YubiKeyConfigurationConroller.swift; sourceTree = "<group>"; };
		A5D4E87024085A9C00FD63A0 /* ManagmentServiceOperation.swift */ = {isa = PBXFileReference; lastKnownFileType = sourcecode.swift; path = ManagmentServiceOperation.swift; sourceTree = "<group>"; };
		A5D4E8722408748800FD63A0 /* GetKeyConfigurationOperation.swift */ = {isa = PBXFileReference; lastKnownFileType = sourcecode.swift; path = GetKeyConfigurationOperation.swift; sourceTree = "<group>"; };
		A5D4E87424087A1D00FD63A0 /* SetKeyConfigurationOperation.swift */ = {isa = PBXFileReference; lastKnownFileType = sourcecode.swift; path = SetKeyConfigurationOperation.swift; sourceTree = "<group>"; };
		A5E9DE9F2379F3CD0011FBF4 /* WebViewController.swift */ = {isa = PBXFileReference; lastKnownFileType = sourcecode.swift; path = WebViewController.swift; sourceTree = "<group>"; };
		A5E9DEAF237DE1660011FBF4 /* SettingsConfig.swift */ = {isa = PBXFileReference; lastKnownFileType = sourcecode.swift; path = SettingsConfig.swift; sourceTree = "<group>"; };
		A5F23EAB240E17710060A127 /* BaseOperation.swift */ = {isa = PBXFileReference; lastKnownFileType = sourcecode.swift; path = BaseOperation.swift; sourceTree = "<group>"; };
		B6EE9E66603A542C303F5533 /* Pods-Authenticator.debug.xcconfig */ = {isa = PBXFileReference; includeInIndex = 1; lastKnownFileType = text.xcconfig; name = "Pods-Authenticator.debug.xcconfig"; path = "Target Support Files/Pods-Authenticator/Pods-Authenticator.debug.xcconfig"; sourceTree = "<group>"; };
		D4E7E84B0951E179D72DE4B4 /* Pods-Authenticator.release.xcconfig */ = {isa = PBXFileReference; includeInIndex = 1; lastKnownFileType = text.xcconfig; name = "Pods-Authenticator.release.xcconfig"; path = "Target Support Files/Pods-Authenticator/Pods-Authenticator.release.xcconfig"; sourceTree = "<group>"; };
/* End PBXFileReference section */

/* Begin PBXFrameworksBuildPhase section */
		818866B022DFD729006BC0A8 /* Frameworks */ = {
			isa = PBXFrameworksBuildPhase;
			buildActionMask = 2147483647;
			files = (
				B9F0FF11F842A39183974083 /* Pods_Authenticator.framework in Frameworks */,
			);
			runOnlyForDeploymentPostprocessing = 0;
		};
		818866C622DFD72C006BC0A8 /* Frameworks */ = {
			isa = PBXFrameworksBuildPhase;
			buildActionMask = 2147483647;
			files = (
			);
			runOnlyForDeploymentPostprocessing = 0;
		};
		818866D122DFD72C006BC0A8 /* Frameworks */ = {
			isa = PBXFrameworksBuildPhase;
			buildActionMask = 2147483647;
			files = (
			);
			runOnlyForDeploymentPostprocessing = 0;
		};
/* End PBXFrameworksBuildPhase section */

/* Begin PBXGroup section */
		6C05878C67054995188B04AE /* Pods */ = {
			isa = PBXGroup;
			children = (
				B6EE9E66603A542C303F5533 /* Pods-Authenticator.debug.xcconfig */,
				D4E7E84B0951E179D72DE4B4 /* Pods-Authenticator.release.xcconfig */,
			);
			path = Pods;
			sourceTree = "<group>";
		};
		816C684423430DC000209342 /* SecureStore */ = {
			isa = PBXGroup;
			children = (
				816C684523430E0700209342 /* SecureStore.swift */,
				816C684723430F8E00209342 /* SecureStoreQueryable.swift */,
				816C684F23440D2200209342 /* SecureStoreError.swift */,
				816C685D234697BE00209342 /* PasswordPreferences.swift */,
			);
			path = SecureStore;
			sourceTree = "<group>";
		};
		81723245237231F100694DF9 /* Recovered References */ = {
			isa = PBXGroup;
			children = (
				A5C53C352370EA8B00C89CAC /* StringExtension.swift */,
			);
			name = "Recovered References";
			sourceTree = "<group>";
		};
		817DBA0E2368B7BE001FC18D /* Utils */ = {
			isa = PBXGroup;
			children = (
				A591412023835F4600CCCF67 /* Constants.swift */,
				817DBA0C2368B7B7001FC18D /* UIColorAdditions.swift */,
				A591411C23830EB800CCCF67 /* UIApplicationExtension.swift */,
				A525965A23A45501006AA3C0 /* UIImageAdditions.swift */,
			);
			path = Utils;
			sourceTree = "<group>";
		};
		818866AA22DFD729006BC0A8 = {
			isa = PBXGroup;
			children = (
				818866B522DFD729006BC0A8 /* Authenticator */,
				818866CC22DFD72C006BC0A8 /* AuthenticatorTests */,
				818866D722DFD72C006BC0A8 /* AuthenticatorUITests */,
				818866B422DFD729006BC0A8 /* Products */,
				818866EC22E1845B006BC0A8 /* Frameworks */,
				81723245237231F100694DF9 /* Recovered References */,
				6C05878C67054995188B04AE /* Pods */,
			);
			sourceTree = "<group>";
		};
		818866B422DFD729006BC0A8 /* Products */ = {
			isa = PBXGroup;
			children = (
				818866B322DFD729006BC0A8 /* Authenticator.app */,
				818866C922DFD72C006BC0A8 /* AuthenticatorTests.xctest */,
				818866D422DFD72C006BC0A8 /* AuthenticatorUITests.xctest */,
			);
			name = Products;
			sourceTree = "<group>";
		};
		818866B522DFD729006BC0A8 /* Authenticator */ = {
			isa = PBXGroup;
			children = (
				818BE8DB22F3486500061026 /* Model */,
				818BE8DA22F3485600061026 /* UI */,
				818866F622E7A877006BC0A8 /* Authenticator.entitlements */,
				818866F122E18804006BC0A8 /* Authenticator-Bridging-Header.h */,
				818866B622DFD729006BC0A8 /* AppDelegate.swift */,
				818866BF22DFD72C006BC0A8 /* Assets.xcassets */,
				818866C422DFD72C006BC0A8 /* Info.plist */,
			);
			path = Authenticator;
			sourceTree = "<group>";
		};
		818866CC22DFD72C006BC0A8 /* AuthenticatorTests */ = {
			isa = PBXGroup;
			children = (
				818866CD22DFD72C006BC0A8 /* AuthenticatorTests.swift */,
				816C685123440EF900209342 /* SecureStoreTests.swift */,
				818866CF22DFD72C006BC0A8 /* Info.plist */,
			);
			path = AuthenticatorTests;
			sourceTree = "<group>";
		};
		818866D722DFD72C006BC0A8 /* AuthenticatorUITests */ = {
			isa = PBXGroup;
			children = (
				818866D822DFD72C006BC0A8 /* AuthenticatorUITests.swift */,
				818866DA22DFD72C006BC0A8 /* Info.plist */,
			);
			path = AuthenticatorUITests;
			sourceTree = "<group>";
		};
		818866EC22E1845B006BC0A8 /* Frameworks */ = {
			isa = PBXGroup;
			children = (
				45F91D129E5099BF43FFD197 /* Pods_Authenticator.framework */,
			);
			name = Frameworks;
			sourceTree = "<group>";
		};
		818BE8DA22F3485600061026 /* UI */ = {
			isa = PBXGroup;
			children = (
				817DBA0E2368B7BE001FC18D /* Utils */,
				81FA3C35231AF33E009C22AB /* Main */,
				A544948A23CE546B003E1E07 /* FRE */,
				81FA3C30231AF198009C22AB /* ApplicationSettings */,
				81FA3C2B2319839B009C22AB /* AddCredential */,
				818866BC22DFD729006BC0A8 /* Main.storyboard */,
				818866C122DFD72C006BC0A8 /* LaunchScreen.storyboard */,
			);
			path = UI;
			sourceTree = "<group>";
		};
		818BE8DB22F3486500061026 /* Model */ = {
			isa = PBXGroup;
			children = (
				816C684423430DC000209342 /* SecureStore */,
				81E8D4DE231FF68E004B6F9E /* Operations */,
				81E009C222FF44B100E7715B /* KeySessionObserver.swift */,
				818BE8DE22F39A9000061026 /* GlobalTimer.swift */,
				81C00FDA22EB70A500C54903 /* YubikitManagerModel.swift */,
				A5588BF8239B0A7F003E4CA5 /* FavoritesStorage.swift */,
				81C00FDC22EBEF0D00C54903 /* Credential.swift */,
				81C4E43C22F94B7B003AFBB8 /* KeySessionError.swift */,
				81BE0C2C23299D6C00C60E1D /* UniqueOperationQueue.swift */,
				81DF8FD2237A090A00737268 /* ApplicationSessionObserver.swift */,
				A537399D23DB9C520057E9E2 /* AuthenticationTypeEnum.swift */,
			);
			path = Model;
			sourceTree = "<group>";
		};
		81E8D4DE231FF68E004B6F9E /* Operations */ = {
			isa = PBXGroup;
			children = (
				81E8D4DC231FDFCE004B6F9E /* CalculateOperation.swift */,
				81E8D4DF231FF9A9004B6F9E /* OATHOperation.swift */,
				816BF3D42325835C00D2F44A /* CalculateAllOperation.swift */,
				815E0A4723293A0A00F2478F /* ValidateOperation.swift */,
				815E0A4923294DEA00F2478F /* PutOperation.swift */,
				815E0A4B2329520100F2478F /* DeleteOperation.swift */,
				815E0A4D2329557300F2478F /* SetCodeOperation.swift */,
				81BE0C26232975AA00C60E1D /* ResetOperation.swift */,
				A5D4E87024085A9C00FD63A0 /* ManagmentServiceOperation.swift */,
				A5D4E8722408748800FD63A0 /* GetKeyConfigurationOperation.swift */,
				A5D4E87424087A1D00FD63A0 /* SetKeyConfigurationOperation.swift */,
				A556D15F2405A100007014A7 /* GetKeyVersionOperation.swift */,
				A5F23EAB240E17710060A127 /* BaseOperation.swift */,
			);
			path = Operations;
			sourceTree = "<group>";
		};
		81FA3C2B2319839B009C22AB /* AddCredential */ = {
			isa = PBXGroup;
			children = (
				818866F422E23D9F006BC0A8 /* AddCredentialController.swift */,
				81FA3C33231AF2D8009C22AB /* AdvancedSettingsViewController.swift */,
				A557BEDF23AD97100097545D /* AddCredential.storyboard */,
			);
			path = AddCredential;
			sourceTree = "<group>";
		};
		81FA3C30231AF198009C22AB /* ApplicationSettings */ = {
			isa = PBXGroup;
			children = (
				811CD95622FB276A00E2BCBB /* SettingsViewController.swift */,
				81FA3C31231AF289009C22AB /* SetPasswordViewController.swift */,
				A5E9DE9F2379F3CD0011FBF4 /* WebViewController.swift */,
				A5E9DEAF237DE1660011FBF4 /* SettingsConfig.swift */,
				A5D4E86C24083CF300FD63A0 /* YubiKeyConfigurationConroller.swift */,
				A5C708D72400A2BE0005704E /* DeviceInfoViewController.swift */,
			);
			path = ApplicationSettings;
			sourceTree = "<group>";
		};
		81FA3C35231AF33E009C22AB /* Main */ = {
			isa = PBXGroup;
			children = (
				818866E822E18134006BC0A8 /* MainViewController.swift */,
				81BE0C2A232991AD00C60E1D /* BaseOATHVIewController.swift */,
				818866F922E96B47006BC0A8 /* PieProgressBar.swift */,
				818866F722E8E19D006BC0A8 /* CredentialTableViewCell.swift */,
				81FA3C38231AF4F0009C22AB /* UIViewControllerAdditions.swift */,
			);
			path = Main;
			sourceTree = "<group>";
		};
		A544948A23CE546B003E1E07 /* FRE */ = {
			isa = PBXGroup;
			children = (
				A544948B23CE546B003E1E07 /* FrePageViewController.swift */,
				A544948C23CE546B003E1E07 /* FrePagesViewControllers.swift */,
				A544948D23CE546B003E1E07 /* Fre.storyboard */,
			);
			path = FRE;
			sourceTree = "<group>";
		};
/* End PBXGroup section */

/* Begin PBXNativeTarget section */
		818866B222DFD729006BC0A8 /* Authenticator */ = {
			isa = PBXNativeTarget;
			buildConfigurationList = 818866DD22DFD72C006BC0A8 /* Build configuration list for PBXNativeTarget "Authenticator" */;
			buildPhases = (
				14643F9232239D1357456ED4 /* [CP] Check Pods Manifest.lock */,
				818866AF22DFD729006BC0A8 /* Sources */,
				818866B022DFD729006BC0A8 /* Frameworks */,
				818866B122DFD729006BC0A8 /* Resources */,
				578D81793E8B565C4A170CA2 /* [CP] Embed Pods Frameworks */,
			);
			buildRules = (
			);
			dependencies = (
			);
			name = Authenticator;
			productName = Authenticator;
			productReference = 818866B322DFD729006BC0A8 /* Authenticator.app */;
			productType = "com.apple.product-type.application";
		};
		818866C822DFD72C006BC0A8 /* AuthenticatorTests */ = {
			isa = PBXNativeTarget;
			buildConfigurationList = 818866E022DFD72C006BC0A8 /* Build configuration list for PBXNativeTarget "AuthenticatorTests" */;
			buildPhases = (
				818866C522DFD72C006BC0A8 /* Sources */,
				818866C622DFD72C006BC0A8 /* Frameworks */,
				818866C722DFD72C006BC0A8 /* Resources */,
			);
			buildRules = (
			);
			dependencies = (
				818866CB22DFD72C006BC0A8 /* PBXTargetDependency */,
			);
			name = AuthenticatorTests;
			productName = AuthenticatorTests;
			productReference = 818866C922DFD72C006BC0A8 /* AuthenticatorTests.xctest */;
			productType = "com.apple.product-type.bundle.unit-test";
		};
		818866D322DFD72C006BC0A8 /* AuthenticatorUITests */ = {
			isa = PBXNativeTarget;
			buildConfigurationList = 818866E322DFD72C006BC0A8 /* Build configuration list for PBXNativeTarget "AuthenticatorUITests" */;
			buildPhases = (
				818866D022DFD72C006BC0A8 /* Sources */,
				818866D122DFD72C006BC0A8 /* Frameworks */,
				818866D222DFD72C006BC0A8 /* Resources */,
			);
			buildRules = (
			);
			dependencies = (
				818866D622DFD72C006BC0A8 /* PBXTargetDependency */,
			);
			name = AuthenticatorUITests;
			productName = AuthenticatorUITests;
			productReference = 818866D422DFD72C006BC0A8 /* AuthenticatorUITests.xctest */;
			productType = "com.apple.product-type.bundle.ui-testing";
		};
/* End PBXNativeTarget section */

/* Begin PBXProject section */
		818866AB22DFD729006BC0A8 /* Project object */ = {
			isa = PBXProject;
			attributes = {
				LastSwiftUpdateCheck = 1020;
				LastUpgradeCheck = 1020;
				ORGANIZATIONNAME = Yubico;
				TargetAttributes = {
					818866B222DFD729006BC0A8 = {
						CreatedOnToolsVersion = 10.2.1;
						SystemCapabilities = {
							com.apple.NearFieldCommunicationTagReading = {
								enabled = 1;
							};
						};
					};
					818866C822DFD72C006BC0A8 = {
						CreatedOnToolsVersion = 10.2.1;
						TestTargetID = 818866B222DFD729006BC0A8;
					};
					818866D322DFD72C006BC0A8 = {
						CreatedOnToolsVersion = 10.2.1;
						TestTargetID = 818866B222DFD729006BC0A8;
					};
				};
			};
			buildConfigurationList = 818866AE22DFD729006BC0A8 /* Build configuration list for PBXProject "Authenticator" */;
			compatibilityVersion = "Xcode 9.3";
			developmentRegion = en;
			hasScannedForEncodings = 0;
			knownRegions = (
				en,
				Base,
			);
			mainGroup = 818866AA22DFD729006BC0A8;
			productRefGroup = 818866B422DFD729006BC0A8 /* Products */;
			projectDirPath = "";
			projectRoot = "";
			targets = (
				818866B222DFD729006BC0A8 /* Authenticator */,
				818866C822DFD72C006BC0A8 /* AuthenticatorTests */,
				818866D322DFD72C006BC0A8 /* AuthenticatorUITests */,
			);
		};
/* End PBXProject section */

/* Begin PBXResourcesBuildPhase section */
		818866B122DFD729006BC0A8 /* Resources */ = {
			isa = PBXResourcesBuildPhase;
			buildActionMask = 2147483647;
			files = (
				818866C322DFD72C006BC0A8 /* LaunchScreen.storyboard in Resources */,
				A557BEE023AD97100097545D /* AddCredential.storyboard in Resources */,
				818866C022DFD72C006BC0A8 /* Assets.xcassets in Resources */,
				A544949023CE546B003E1E07 /* Fre.storyboard in Resources */,
				818866BE22DFD729006BC0A8 /* Main.storyboard in Resources */,
			);
			runOnlyForDeploymentPostprocessing = 0;
		};
		818866C722DFD72C006BC0A8 /* Resources */ = {
			isa = PBXResourcesBuildPhase;
			buildActionMask = 2147483647;
			files = (
			);
			runOnlyForDeploymentPostprocessing = 0;
		};
		818866D222DFD72C006BC0A8 /* Resources */ = {
			isa = PBXResourcesBuildPhase;
			buildActionMask = 2147483647;
			files = (
			);
			runOnlyForDeploymentPostprocessing = 0;
		};
/* End PBXResourcesBuildPhase section */

/* Begin PBXShellScriptBuildPhase section */
		14643F9232239D1357456ED4 /* [CP] Check Pods Manifest.lock */ = {
			isa = PBXShellScriptBuildPhase;
			buildActionMask = 2147483647;
			files = (
			);
			inputFileListPaths = (
			);
			inputPaths = (
				"${PODS_PODFILE_DIR_PATH}/Podfile.lock",
				"${PODS_ROOT}/Manifest.lock",
			);
			name = "[CP] Check Pods Manifest.lock";
			outputFileListPaths = (
			);
			outputPaths = (
				"$(DERIVED_FILE_DIR)/Pods-Authenticator-checkManifestLockResult.txt",
			);
			runOnlyForDeploymentPostprocessing = 0;
			shellPath = /bin/sh;
			shellScript = "diff \"${PODS_PODFILE_DIR_PATH}/Podfile.lock\" \"${PODS_ROOT}/Manifest.lock\" > /dev/null\nif [ $? != 0 ] ; then\n    # print error to STDERR\n    echo \"error: The sandbox is not in sync with the Podfile.lock. Run 'pod install' or update your CocoaPods installation.\" >&2\n    exit 1\nfi\n# This output is used by Xcode 'outputs' to avoid re-running this script phase.\necho \"SUCCESS\" > \"${SCRIPT_OUTPUT_FILE_0}\"\n";
			showEnvVarsInLog = 0;
		};
		578D81793E8B565C4A170CA2 /* [CP] Embed Pods Frameworks */ = {
			isa = PBXShellScriptBuildPhase;
			buildActionMask = 2147483647;
			files = (
			);
			inputFileListPaths = (
			);
			name = "[CP] Embed Pods Frameworks";
			outputFileListPaths = (
			);
			runOnlyForDeploymentPostprocessing = 0;
			shellPath = /bin/sh;
			shellScript = "\"${PODS_ROOT}/Target Support Files/Pods-Authenticator/Pods-Authenticator-frameworks.sh\"\n";
			showEnvVarsInLog = 0;
		};
/* End PBXShellScriptBuildPhase section */

/* Begin PBXSourcesBuildPhase section */
		818866AF22DFD729006BC0A8 /* Sources */ = {
			isa = PBXSourcesBuildPhase;
			buildActionMask = 2147483647;
			files = (
				815E0A4C2329520100F2478F /* DeleteOperation.swift in Sources */,
				A591412123835F4600CCCF67 /* Constants.swift in Sources */,
				816C684823430F8E00209342 /* SecureStoreQueryable.swift in Sources */,
				818866F522E23DA0006BC0A8 /* AddCredentialController.swift in Sources */,
				A525965B23A45501006AA3C0 /* UIImageAdditions.swift in Sources */,
				816BF3D52325835C00D2F44A /* CalculateAllOperation.swift in Sources */,
				A591411D23830EB800CCCF67 /* UIApplicationExtension.swift in Sources */,
				81FA3C34231AF2D8009C22AB /* AdvancedSettingsViewController.swift in Sources */,
				818866B722DFD729006BC0A8 /* AppDelegate.swift in Sources */,
				817DBA0D2368B7B7001FC18D /* UIColorAdditions.swift in Sources */,
				A5E9DEB0237DE1660011FBF4 /* SettingsConfig.swift in Sources */,
				811CD95722FB276A00E2BCBB /* SettingsViewController.swift in Sources */,
				81C00FDB22EB70A500C54903 /* YubikitManagerModel.swift in Sources */,
				818866E922E18134006BC0A8 /* MainViewController.swift in Sources */,
				81FA3C32231AF289009C22AB /* SetPasswordViewController.swift in Sources */,
				818866F822E8E19D006BC0A8 /* CredentialTableViewCell.swift in Sources */,
				81C00FDD22EBEF0D00C54903 /* Credential.swift in Sources */,
				A537399E23DB9C520057E9E2 /* AuthenticationTypeEnum.swift in Sources */,
				815E0A4E2329557300F2478F /* SetCodeOperation.swift in Sources */,
				A5E9DEA02379F3CD0011FBF4 /* WebViewController.swift in Sources */,
				81E009C322FF44B100E7715B /* KeySessionObserver.swift in Sources */,
				81E8D4E0231FF9A9004B6F9E /* OATHOperation.swift in Sources */,
				A5F23EAC240E17710060A127 /* BaseOperation.swift in Sources */,
				A5D4E86D24083CF300FD63A0 /* YubiKeyConfigurationConroller.swift in Sources */,
				81BE0C2B232991AD00C60E1D /* BaseOATHVIewController.swift in Sources */,
				A5D4E87124085A9C00FD63A0 /* ManagmentServiceOperation.swift in Sources */,
				818866FA22E96B47006BC0A8 /* PieProgressBar.swift in Sources */,
				A544948F23CE546B003E1E07 /* FrePagesViewControllers.swift in Sources */,
				815E0A4823293A0A00F2478F /* ValidateOperation.swift in Sources */,
				A5588BF9239B0A7F003E4CA5 /* FavoritesStorage.swift in Sources */,
				815E0A4A23294DEA00F2478F /* PutOperation.swift in Sources */,
				A5C708D82400A2BE0005704E /* DeviceInfoViewController.swift in Sources */,
				81DF8FD3237A090A00737268 /* ApplicationSessionObserver.swift in Sources */,
				A5D4E87524087A1D00FD63A0 /* SetKeyConfigurationOperation.swift in Sources */,
				81BE0C2D23299D6C00C60E1D /* UniqueOperationQueue.swift in Sources */,
				816C685E234697BF00209342 /* PasswordPreferences.swift in Sources */,
				A5D4E8732408748800FD63A0 /* GetKeyConfigurationOperation.swift in Sources */,
				818BE8DF22F39A9000061026 /* GlobalTimer.swift in Sources */,
				81C4E43D22F94B7B003AFBB8 /* KeySessionError.swift in Sources */,
				A544948E23CE546B003E1E07 /* FrePageViewController.swift in Sources */,
				81BE0C27232975AA00C60E1D /* ResetOperation.swift in Sources */,
				A556D1602405A100007014A7 /* GetKeyVersionOperation.swift in Sources */,
				81E8D4DD231FDFCE004B6F9E /* CalculateOperation.swift in Sources */,
				816C685023440D2200209342 /* SecureStoreError.swift in Sources */,
				81FA3C39231AF4F0009C22AB /* UIViewControllerAdditions.swift in Sources */,
				816C684623430E0700209342 /* SecureStore.swift in Sources */,
			);
			runOnlyForDeploymentPostprocessing = 0;
		};
		818866C522DFD72C006BC0A8 /* Sources */ = {
			isa = PBXSourcesBuildPhase;
			buildActionMask = 2147483647;
			files = (
				816C685223440EF900209342 /* SecureStoreTests.swift in Sources */,
				818866CE22DFD72C006BC0A8 /* AuthenticatorTests.swift in Sources */,
			);
			runOnlyForDeploymentPostprocessing = 0;
		};
		818866D022DFD72C006BC0A8 /* Sources */ = {
			isa = PBXSourcesBuildPhase;
			buildActionMask = 2147483647;
			files = (
				818866D922DFD72C006BC0A8 /* AuthenticatorUITests.swift in Sources */,
			);
			runOnlyForDeploymentPostprocessing = 0;
		};
/* End PBXSourcesBuildPhase section */

/* Begin PBXTargetDependency section */
		818866CB22DFD72C006BC0A8 /* PBXTargetDependency */ = {
			isa = PBXTargetDependency;
			target = 818866B222DFD729006BC0A8 /* Authenticator */;
			targetProxy = 818866CA22DFD72C006BC0A8 /* PBXContainerItemProxy */;
		};
		818866D622DFD72C006BC0A8 /* PBXTargetDependency */ = {
			isa = PBXTargetDependency;
			target = 818866B222DFD729006BC0A8 /* Authenticator */;
			targetProxy = 818866D522DFD72C006BC0A8 /* PBXContainerItemProxy */;
		};
/* End PBXTargetDependency section */

/* Begin PBXVariantGroup section */
		818866BC22DFD729006BC0A8 /* Main.storyboard */ = {
			isa = PBXVariantGroup;
			children = (
				818866BD22DFD729006BC0A8 /* Base */,
			);
			name = Main.storyboard;
			sourceTree = "<group>";
		};
		818866C122DFD72C006BC0A8 /* LaunchScreen.storyboard */ = {
			isa = PBXVariantGroup;
			children = (
				818866C222DFD72C006BC0A8 /* Base */,
			);
			name = LaunchScreen.storyboard;
			sourceTree = "<group>";
		};
/* End PBXVariantGroup section */

/* Begin XCBuildConfiguration section */
		818866DB22DFD72C006BC0A8 /* Debug */ = {
			isa = XCBuildConfiguration;
			buildSettings = {
				ALWAYS_SEARCH_USER_PATHS = NO;
				CLANG_ANALYZER_NONNULL = YES;
				CLANG_ANALYZER_NUMBER_OBJECT_CONVERSION = YES_AGGRESSIVE;
				CLANG_CXX_LANGUAGE_STANDARD = "gnu++14";
				CLANG_CXX_LIBRARY = "libc++";
				CLANG_ENABLE_MODULES = YES;
				CLANG_ENABLE_OBJC_ARC = YES;
				CLANG_ENABLE_OBJC_WEAK = YES;
				CLANG_WARN_BLOCK_CAPTURE_AUTORELEASING = YES;
				CLANG_WARN_BOOL_CONVERSION = YES;
				CLANG_WARN_COMMA = YES;
				CLANG_WARN_CONSTANT_CONVERSION = YES;
				CLANG_WARN_DEPRECATED_OBJC_IMPLEMENTATIONS = YES;
				CLANG_WARN_DIRECT_OBJC_ISA_USAGE = YES_ERROR;
				CLANG_WARN_DOCUMENTATION_COMMENTS = YES;
				CLANG_WARN_EMPTY_BODY = YES;
				CLANG_WARN_ENUM_CONVERSION = YES;
				CLANG_WARN_INFINITE_RECURSION = YES;
				CLANG_WARN_INT_CONVERSION = YES;
				CLANG_WARN_NON_LITERAL_NULL_CONVERSION = YES;
				CLANG_WARN_OBJC_IMPLICIT_RETAIN_SELF = YES;
				CLANG_WARN_OBJC_LITERAL_CONVERSION = YES;
				CLANG_WARN_OBJC_ROOT_CLASS = YES_ERROR;
				CLANG_WARN_RANGE_LOOP_ANALYSIS = YES;
				CLANG_WARN_STRICT_PROTOTYPES = YES;
				CLANG_WARN_SUSPICIOUS_MOVE = YES;
				CLANG_WARN_UNGUARDED_AVAILABILITY = YES_AGGRESSIVE;
				CLANG_WARN_UNREACHABLE_CODE = YES;
				CLANG_WARN__DUPLICATE_METHOD_MATCH = YES;
				CODE_SIGN_IDENTITY = "iPhone Developer";
				COPY_PHASE_STRIP = NO;
				DEBUG_INFORMATION_FORMAT = dwarf;
				ENABLE_STRICT_OBJC_MSGSEND = YES;
				ENABLE_TESTABILITY = YES;
				GCC_C_LANGUAGE_STANDARD = gnu11;
				GCC_DYNAMIC_NO_PIC = NO;
				GCC_NO_COMMON_BLOCKS = YES;
				GCC_OPTIMIZATION_LEVEL = 0;
				GCC_PREPROCESSOR_DEFINITIONS = (
					"DEBUG=1",
					"$(inherited)",
				);
				GCC_WARN_64_TO_32_BIT_CONVERSION = YES;
				GCC_WARN_ABOUT_RETURN_TYPE = YES_ERROR;
				GCC_WARN_UNDECLARED_SELECTOR = YES;
				GCC_WARN_UNINITIALIZED_AUTOS = YES_AGGRESSIVE;
				GCC_WARN_UNUSED_FUNCTION = YES;
				GCC_WARN_UNUSED_VARIABLE = YES;
				IPHONEOS_DEPLOYMENT_TARGET = 11.2;
				MTL_ENABLE_DEBUG_INFO = INCLUDE_SOURCE;
				MTL_FAST_MATH = YES;
				ONLY_ACTIVE_ARCH = YES;
				SDKROOT = iphoneos;
				SWIFT_ACTIVE_COMPILATION_CONDITIONS = DEBUG;
				SWIFT_OPTIMIZATION_LEVEL = "-Onone";
			};
			name = Debug;
		};
		818866DC22DFD72C006BC0A8 /* Release */ = {
			isa = XCBuildConfiguration;
			buildSettings = {
				ALWAYS_SEARCH_USER_PATHS = NO;
				CLANG_ANALYZER_NONNULL = YES;
				CLANG_ANALYZER_NUMBER_OBJECT_CONVERSION = YES_AGGRESSIVE;
				CLANG_CXX_LANGUAGE_STANDARD = "gnu++14";
				CLANG_CXX_LIBRARY = "libc++";
				CLANG_ENABLE_MODULES = YES;
				CLANG_ENABLE_OBJC_ARC = YES;
				CLANG_ENABLE_OBJC_WEAK = YES;
				CLANG_WARN_BLOCK_CAPTURE_AUTORELEASING = YES;
				CLANG_WARN_BOOL_CONVERSION = YES;
				CLANG_WARN_COMMA = YES;
				CLANG_WARN_CONSTANT_CONVERSION = YES;
				CLANG_WARN_DEPRECATED_OBJC_IMPLEMENTATIONS = YES;
				CLANG_WARN_DIRECT_OBJC_ISA_USAGE = YES_ERROR;
				CLANG_WARN_DOCUMENTATION_COMMENTS = YES;
				CLANG_WARN_EMPTY_BODY = YES;
				CLANG_WARN_ENUM_CONVERSION = YES;
				CLANG_WARN_INFINITE_RECURSION = YES;
				CLANG_WARN_INT_CONVERSION = YES;
				CLANG_WARN_NON_LITERAL_NULL_CONVERSION = YES;
				CLANG_WARN_OBJC_IMPLICIT_RETAIN_SELF = YES;
				CLANG_WARN_OBJC_LITERAL_CONVERSION = YES;
				CLANG_WARN_OBJC_ROOT_CLASS = YES_ERROR;
				CLANG_WARN_RANGE_LOOP_ANALYSIS = YES;
				CLANG_WARN_STRICT_PROTOTYPES = YES;
				CLANG_WARN_SUSPICIOUS_MOVE = YES;
				CLANG_WARN_UNGUARDED_AVAILABILITY = YES_AGGRESSIVE;
				CLANG_WARN_UNREACHABLE_CODE = YES;
				CLANG_WARN__DUPLICATE_METHOD_MATCH = YES;
				CODE_SIGN_IDENTITY = "iPhone Developer";
				COPY_PHASE_STRIP = NO;
				DEBUG_INFORMATION_FORMAT = "dwarf-with-dsym";
				ENABLE_NS_ASSERTIONS = NO;
				ENABLE_STRICT_OBJC_MSGSEND = YES;
				GCC_C_LANGUAGE_STANDARD = gnu11;
				GCC_NO_COMMON_BLOCKS = YES;
				GCC_WARN_64_TO_32_BIT_CONVERSION = YES;
				GCC_WARN_ABOUT_RETURN_TYPE = YES_ERROR;
				GCC_WARN_UNDECLARED_SELECTOR = YES;
				GCC_WARN_UNINITIALIZED_AUTOS = YES_AGGRESSIVE;
				GCC_WARN_UNUSED_FUNCTION = YES;
				GCC_WARN_UNUSED_VARIABLE = YES;
				IPHONEOS_DEPLOYMENT_TARGET = 11.2;
				MTL_ENABLE_DEBUG_INFO = NO;
				MTL_FAST_MATH = YES;
				SDKROOT = iphoneos;
				SWIFT_COMPILATION_MODE = wholemodule;
				SWIFT_OPTIMIZATION_LEVEL = "-O";
				VALIDATE_PRODUCT = YES;
			};
			name = Release;
		};
		818866DE22DFD72C006BC0A8 /* Debug */ = {
			isa = XCBuildConfiguration;
			baseConfigurationReference = B6EE9E66603A542C303F5533 /* Pods-Authenticator.debug.xcconfig */;
			buildSettings = {
				ASSETCATALOG_COMPILER_APPICON_NAME = AppIcon;
				CODE_SIGN_ENTITLEMENTS = Authenticator/Authenticator.entitlements;
				CODE_SIGN_STYLE = Automatic;
				CURRENT_PROJECT_VERSION = 1;
				DEVELOPMENT_TEAM = LQA3CS5MM7;
				HEADER_SEARCH_PATHS = "../Submodules/YubiKit/**";
				INFOPLIST_FILE = Authenticator/Info.plist;
				LD_RUNPATH_SEARCH_PATHS = (
					"$(inherited)",
					"@executable_path/Frameworks",
				);
				LIBRARY_SEARCH_PATHS = "";
				MARKETING_VERSION = 1.2.0;
				OTHER_LDFLAGS = "-ObjC";
				PRODUCT_BUNDLE_IDENTIFIER = com.yubico.Authenticator;
				PRODUCT_NAME = "$(TARGET_NAME)";
				SUPPORTS_MACCATALYST = NO;
				SWIFT_OBJC_BRIDGING_HEADER = "Authenticator/Authenticator-Bridging-Header.h";
				SWIFT_VERSION = 5.0;
				TARGETED_DEVICE_FAMILY = "1,2";
			};
			name = Debug;
		};
		818866DF22DFD72C006BC0A8 /* Release */ = {
			isa = XCBuildConfiguration;
			baseConfigurationReference = D4E7E84B0951E179D72DE4B4 /* Pods-Authenticator.release.xcconfig */;
			buildSettings = {
				ASSETCATALOG_COMPILER_APPICON_NAME = AppIcon;
				CODE_SIGN_ENTITLEMENTS = Authenticator/Authenticator.entitlements;
				CODE_SIGN_STYLE = Automatic;
				CURRENT_PROJECT_VERSION = 1;
				DEVELOPMENT_TEAM = LQA3CS5MM7;
				HEADER_SEARCH_PATHS = "../Submodules/YubiKit/**";
				INFOPLIST_FILE = Authenticator/Info.plist;
				LD_RUNPATH_SEARCH_PATHS = (
					"$(inherited)",
					"@executable_path/Frameworks",
				);
				LIBRARY_SEARCH_PATHS = "";
				MARKETING_VERSION = 1.2.0;
				OTHER_LDFLAGS = "-ObjC";
				PRODUCT_BUNDLE_IDENTIFIER = com.yubico.Authenticator;
				PRODUCT_NAME = "$(TARGET_NAME)";
				SUPPORTS_MACCATALYST = NO;
				SWIFT_OBJC_BRIDGING_HEADER = "Authenticator/Authenticator-Bridging-Header.h";
				SWIFT_VERSION = 5.0;
				TARGETED_DEVICE_FAMILY = "1,2";
			};
			name = Release;
		};
		818866E122DFD72C006BC0A8 /* Debug */ = {
			isa = XCBuildConfiguration;
			buildSettings = {
				ALWAYS_EMBED_SWIFT_STANDARD_LIBRARIES = YES;
				BUNDLE_LOADER = "$(TEST_HOST)";
				CODE_SIGN_STYLE = Automatic;
				DEVELOPMENT_TEAM = LQA3CS5MM7;
				INFOPLIST_FILE = AuthenticatorTests/Info.plist;
				LD_RUNPATH_SEARCH_PATHS = (
					"$(inherited)",
					"@executable_path/Frameworks",
					"@loader_path/Frameworks",
				);
				PRODUCT_BUNDLE_IDENTIFIER = com.yubico.AuthenticatorTests;
				PRODUCT_NAME = "$(TARGET_NAME)";
				SWIFT_VERSION = 5.0;
				TARGETED_DEVICE_FAMILY = "1,2";
				TEST_HOST = "$(BUILT_PRODUCTS_DIR)/Authenticator.app/Authenticator";
			};
			name = Debug;
		};
		818866E222DFD72C006BC0A8 /* Release */ = {
			isa = XCBuildConfiguration;
			buildSettings = {
				ALWAYS_EMBED_SWIFT_STANDARD_LIBRARIES = YES;
				BUNDLE_LOADER = "$(TEST_HOST)";
				CODE_SIGN_STYLE = Automatic;
				DEVELOPMENT_TEAM = LQA3CS5MM7;
				INFOPLIST_FILE = AuthenticatorTests/Info.plist;
				LD_RUNPATH_SEARCH_PATHS = (
					"$(inherited)",
					"@executable_path/Frameworks",
					"@loader_path/Frameworks",
				);
				PRODUCT_BUNDLE_IDENTIFIER = com.yubico.AuthenticatorTests;
				PRODUCT_NAME = "$(TARGET_NAME)";
				SWIFT_VERSION = 5.0;
				TARGETED_DEVICE_FAMILY = "1,2";
				TEST_HOST = "$(BUILT_PRODUCTS_DIR)/Authenticator.app/Authenticator";
			};
			name = Release;
		};
		818866E422DFD72C006BC0A8 /* Debug */ = {
			isa = XCBuildConfiguration;
			buildSettings = {
				ALWAYS_EMBED_SWIFT_STANDARD_LIBRARIES = YES;
				CODE_SIGN_STYLE = Automatic;
				DEVELOPMENT_TEAM = LQA3CS5MM7;
				INFOPLIST_FILE = AuthenticatorUITests/Info.plist;
				LD_RUNPATH_SEARCH_PATHS = (
					"$(inherited)",
					"@executable_path/Frameworks",
					"@loader_path/Frameworks",
				);
				PRODUCT_BUNDLE_IDENTIFIER = com.yubico.AuthenticatorUITests;
				PRODUCT_NAME = "$(TARGET_NAME)";
				SWIFT_VERSION = 5.0;
				TARGETED_DEVICE_FAMILY = "1,2";
				TEST_TARGET_NAME = Authenticator;
			};
			name = Debug;
		};
		818866E522DFD72C006BC0A8 /* Release */ = {
			isa = XCBuildConfiguration;
			buildSettings = {
				ALWAYS_EMBED_SWIFT_STANDARD_LIBRARIES = YES;
				CODE_SIGN_STYLE = Automatic;
				DEVELOPMENT_TEAM = LQA3CS5MM7;
				INFOPLIST_FILE = AuthenticatorUITests/Info.plist;
				LD_RUNPATH_SEARCH_PATHS = (
					"$(inherited)",
					"@executable_path/Frameworks",
					"@loader_path/Frameworks",
				);
				PRODUCT_BUNDLE_IDENTIFIER = com.yubico.AuthenticatorUITests;
				PRODUCT_NAME = "$(TARGET_NAME)";
				SWIFT_VERSION = 5.0;
				TARGETED_DEVICE_FAMILY = "1,2";
				TEST_TARGET_NAME = Authenticator;
			};
			name = Release;
		};
/* End XCBuildConfiguration section */

/* Begin XCConfigurationList section */
		818866AE22DFD729006BC0A8 /* Build configuration list for PBXProject "Authenticator" */ = {
			isa = XCConfigurationList;
			buildConfigurations = (
				818866DB22DFD72C006BC0A8 /* Debug */,
				818866DC22DFD72C006BC0A8 /* Release */,
			);
			defaultConfigurationIsVisible = 0;
			defaultConfigurationName = Release;
		};
		818866DD22DFD72C006BC0A8 /* Build configuration list for PBXNativeTarget "Authenticator" */ = {
			isa = XCConfigurationList;
			buildConfigurations = (
				818866DE22DFD72C006BC0A8 /* Debug */,
				818866DF22DFD72C006BC0A8 /* Release */,
			);
			defaultConfigurationIsVisible = 0;
			defaultConfigurationName = Release;
		};
		818866E022DFD72C006BC0A8 /* Build configuration list for PBXNativeTarget "AuthenticatorTests" */ = {
			isa = XCConfigurationList;
			buildConfigurations = (
				818866E122DFD72C006BC0A8 /* Debug */,
				818866E222DFD72C006BC0A8 /* Release */,
			);
			defaultConfigurationIsVisible = 0;
			defaultConfigurationName = Release;
		};
		818866E322DFD72C006BC0A8 /* Build configuration list for PBXNativeTarget "AuthenticatorUITests" */ = {
			isa = XCConfigurationList;
			buildConfigurations = (
				818866E422DFD72C006BC0A8 /* Debug */,
				818866E522DFD72C006BC0A8 /* Release */,
			);
			defaultConfigurationIsVisible = 0;
			defaultConfigurationName = Release;
		};
/* End XCConfigurationList section */
	};
	rootObject = 818866AB22DFD729006BC0A8 /* Project object */;
}
