{
  "object": {
    "pins": [
      {
        "package": "YubiKit",
        "repositoryURL": "https://github.com/Yubico/yubikit-ios",
        "state": {
          "branch": "jens/non-truncated-hmac-signature",
          "revision": "af0b93f4115fe141b1f6443aef93f0bcae6af4f0",
          "version": null
        }
      }
    ]
  },
  "version": 1
}
