{
  "object": {
    "pins": [
      {
        "package": "YubiKit",
        "repositoryURL": "https://github.com/Yubico/yubikit-ios",
        "state": {
          "branch": "jens/add-timestamp-to-oath-calculate",
          "revision": "b395a13dce4c209aca9d365d17f3f54c5d1add21",
          "version": null
        }
      }
    ]
  },
  "version": 1
}
