{
  "object": {
    "pins": [
      {
        "package": "YubiKit",
        "repositoryURL": "https://github.com/Yubico/yubikit-ios",
        "state": {
          "branch": "jens/yubikit-4.1",
          "revision": "1bbfb755b7c79514cd0d319837d12a195f0997ed",
          "version": null
        }
      }
    ]
  },
  "version": 1
}
